=== RUN   TestEndToEndDeploymentScenario
TestEndToEndDeploymentScenario 2024-08-14T05:27:57Z test_structure.go:29: The 'SKIP_setup' environment variable is not set, so executing stage 'setup'.
TestEndToEndDeploymentScenario 2024-08-14T05:27:57Z save_test_data.go:196: Storing test data in ../.test-data/TerraformOptions.json so it can be reused later
TestEndToEndDeploymentScenario 2024-08-14T05:27:57Z save_test_data.go:200: [WARNING] The named test data at path ../.test-data/TerraformOptions.json is non-empty. Save operation will overwrite existing value with "&{ ../ map[yc_folder:b1g4f2iqmdfgd4k3km4n] [] [] false  map[] map[] map[] 0 0s false false false false <nil> false 0 <nil> 0   false}".
.
TestEndToEndDeploymentScenario 2024-08-14T05:27:57Z save_test_data.go:212: Marshalled JSON: {"TerraformBinary":"","TerraformDir":"../","Vars":{"yc_folder":"b1g4f2iqmdfgd4k3km4n"},"VarFiles":null,"Targets":null,"Lock":false,"LockTimeout":"","EnvVars":null,"BackendConfig":null,"RetryableTerraformErrors":null,"MaxRetries":0,"TimeBetweenRetries":0,"Upgrade":false,"Reconfigure":false,"MigrateState":false,"NoColor":false,"SshAgent":null,"NoStderr":false,"OutputMaxLineSize":0,"Logger":null,"Parallelism":0,"PlanFilePath":"","PluginDir":"","SetVarsAfterVarFiles":false}
TestEndToEndDeploymentScenario 2024-08-14T05:27:57Z retry.go:91: terraform [init -upgrade=false]
TestEndToEndDeploymentScenario 2024-08-14T05:27:57Z logger.go:66: Running command terraform with args [init -upgrade=false]
TestEndToEndDeploymentScenario 2024-08-14T05:27:57Z logger.go:66: [0m[1mInitializing the backend...[0m
TestEndToEndDeploymentScenario 2024-08-14T05:27:57Z logger.go:66: [0m[1mInitializing provider plugins...[0m
TestEndToEndDeploymentScenario 2024-08-14T05:27:57Z logger.go:66: - Reusing previous version of yandex-cloud/yandex from the dependency lock file
TestEndToEndDeploymentScenario 2024-08-14T05:27:58Z logger.go:66: - Using previously-installed yandex-cloud/yandex v0.126.0
TestEndToEndDeploymentScenario 2024-08-14T05:27:58Z logger.go:66: 
TestEndToEndDeploymentScenario 2024-08-14T05:27:58Z logger.go:66: [0m[1m[32mTerraform has been successfully initialized![0m[32m[0m
TestEndToEndDeploymentScenario 2024-08-14T05:27:58Z logger.go:66: [0m[32m
TestEndToEndDeploymentScenario 2024-08-14T05:27:58Z logger.go:66: You may now begin working with Terraform. Try running "terraform plan" to see
TestEndToEndDeploymentScenario 2024-08-14T05:27:58Z logger.go:66: any changes that are required for your infrastructure. All Terraform commands
TestEndToEndDeploymentScenario 2024-08-14T05:27:58Z logger.go:66: should now work.
TestEndToEndDeploymentScenario 2024-08-14T05:27:58Z logger.go:66: 
TestEndToEndDeploymentScenario 2024-08-14T05:27:58Z logger.go:66: If you ever set or change modules or backend configuration for Terraform,
TestEndToEndDeploymentScenario 2024-08-14T05:27:58Z logger.go:66: rerun this command to reinitialize your working directory. If you forget, other
TestEndToEndDeploymentScenario 2024-08-14T05:27:58Z logger.go:66: commands will detect it and remind you to do so if necessary.[0m
TestEndToEndDeploymentScenario 2024-08-14T05:27:58Z retry.go:91: terraform [apply -input=false -auto-approve -var yc_folder=b1g4f2iqmdfgd4k3km4n -lock=false]
TestEndToEndDeploymentScenario 2024-08-14T05:27:58Z logger.go:66: Running command terraform with args [apply -input=false -auto-approve -var yc_folder=b1g4f2iqmdfgd4k3km4n -lock=false]
TestEndToEndDeploymentScenario 2024-08-14T05:27:58Z logger.go:66: 
TestEndToEndDeploymentScenario 2024-08-14T05:27:58Z logger.go:66: Terraform used the selected providers to generate the following execution
TestEndToEndDeploymentScenario 2024-08-14T05:27:58Z logger.go:66: plan. Resource actions are indicated with the following symbols:
TestEndToEndDeploymentScenario 2024-08-14T05:27:58Z logger.go:66:   [32m+[0m create[0m
TestEndToEndDeploymentScenario 2024-08-14T05:27:58Z logger.go:66: 
TestEndToEndDeploymentScenario 2024-08-14T05:27:58Z logger.go:66: Terraform will perform the following actions:
TestEndToEndDeploymentScenario 2024-08-14T05:27:58Z logger.go:66: 
TestEndToEndDeploymentScenario 2024-08-14T05:27:58Z logger.go:66: [1m  # yandex_compute_instance.wp-app["wp-app-1"][0m will be created
TestEndToEndDeploymentScenario 2024-08-14T05:27:58Z logger.go:66: [0m  [32m+[0m[0m resource "yandex_compute_instance" "wp-app" {
TestEndToEndDeploymentScenario 2024-08-14T05:27:58Z logger.go:66:       [32m+[0m[0m created_at                = (known after apply)
TestEndToEndDeploymentScenario 2024-08-14T05:27:58Z logger.go:66:       [32m+[0m[0m folder_id                 = (known after apply)
TestEndToEndDeploymentScenario 2024-08-14T05:27:58Z logger.go:66:       [32m+[0m[0m fqdn                      = (known after apply)
TestEndToEndDeploymentScenario 2024-08-14T05:27:58Z logger.go:66:       [32m+[0m[0m gpu_cluster_id            = (known after apply)
TestEndToEndDeploymentScenario 2024-08-14T05:27:58Z logger.go:66:       [32m+[0m[0m hostname                  = (known after apply)
TestEndToEndDeploymentScenario 2024-08-14T05:27:58Z logger.go:66:       [32m+[0m[0m id                        = (known after apply)
TestEndToEndDeploymentScenario 2024-08-14T05:27:58Z logger.go:66:       [32m+[0m[0m maintenance_grace_period  = (known after apply)
TestEndToEndDeploymentScenario 2024-08-14T05:27:58Z logger.go:66:       [32m+[0m[0m maintenance_policy        = (known after apply)
TestEndToEndDeploymentScenario 2024-08-14T05:27:58Z logger.go:66:       [32m+[0m[0m metadata                  = {
TestEndToEndDeploymentScenario 2024-08-14T05:27:58Z logger.go:66:           [32m+[0m[0m "ssh-keys" = <<-EOT
TestEndToEndDeploymentScenario 2024-08-14T05:27:58Z logger.go:66:                 ubuntu:ssh-ed25519 AAAAC3NzaC1lZDI1NTE5AAAAICwO+QE6ghCsJ+RYQzshFsYOA5OK+kFRgknEfwNPesOn anton@packer
TestEndToEndDeploymentScenario 2024-08-14T05:27:58Z logger.go:66:             EOT
TestEndToEndDeploymentScenario 2024-08-14T05:27:58Z logger.go:66:         }
TestEndToEndDeploymentScenario 2024-08-14T05:27:58Z logger.go:66:       [32m+[0m[0m name                      = "wp-app-1"
TestEndToEndDeploymentScenario 2024-08-14T05:27:58Z logger.go:66:       [32m+[0m[0m network_acceleration_type = "standard"
TestEndToEndDeploymentScenario 2024-08-14T05:27:58Z logger.go:66:       [32m+[0m[0m platform_id               = "standard-v1"
TestEndToEndDeploymentScenario 2024-08-14T05:27:58Z logger.go:66:       [32m+[0m[0m service_account_id        = (known after apply)
TestEndToEndDeploymentScenario 2024-08-14T05:27:58Z logger.go:66:       [32m+[0m[0m status                    = (known after apply)
TestEndToEndDeploymentScenario 2024-08-14T05:27:58Z logger.go:66:       [32m+[0m[0m zone                      = "ru-central1-a"
TestEndToEndDeploymentScenario 2024-08-14T05:27:58Z logger.go:66: 
TestEndToEndDeploymentScenario 2024-08-14T05:27:58Z logger.go:66:       [32m+[0m[0m boot_disk {
TestEndToEndDeploymentScenario 2024-08-14T05:27:58Z logger.go:66:           [32m+[0m[0m auto_delete = true
TestEndToEndDeploymentScenario 2024-08-14T05:27:58Z logger.go:66:           [32m+[0m[0m device_name = (known after apply)
TestEndToEndDeploymentScenario 2024-08-14T05:27:58Z logger.go:66:           [32m+[0m[0m disk_id     = (known after apply)
TestEndToEndDeploymentScenario 2024-08-14T05:27:58Z logger.go:66:           [32m+[0m[0m mode        = (known after apply)
TestEndToEndDeploymentScenario 2024-08-14T05:27:58Z logger.go:66: 
TestEndToEndDeploymentScenario 2024-08-14T05:27:58Z logger.go:66:           [32m+[0m[0m initialize_params {
TestEndToEndDeploymentScenario 2024-08-14T05:27:58Z logger.go:66:               [32m+[0m[0m block_size  = (known after apply)
TestEndToEndDeploymentScenario 2024-08-14T05:27:58Z logger.go:66:               [32m+[0m[0m description = (known after apply)
TestEndToEndDeploymentScenario 2024-08-14T05:27:58Z logger.go:66:               [32m+[0m[0m image_id    = "fd80viupr3qjr5g6g9du"
TestEndToEndDeploymentScenario 2024-08-14T05:27:58Z logger.go:66:               [32m+[0m[0m name        = (known after apply)
TestEndToEndDeploymentScenario 2024-08-14T05:27:58Z logger.go:66:               [32m+[0m[0m size        = (known after apply)
TestEndToEndDeploymentScenario 2024-08-14T05:27:58Z logger.go:66:               [32m+[0m[0m snapshot_id = (known after apply)
TestEndToEndDeploymentScenario 2024-08-14T05:27:58Z logger.go:66:               [32m+[0m[0m type        = "network-hdd"
TestEndToEndDeploymentScenario 2024-08-14T05:27:58Z logger.go:66:             }
TestEndToEndDeploymentScenario 2024-08-14T05:27:58Z logger.go:66:         }
TestEndToEndDeploymentScenario 2024-08-14T05:27:58Z logger.go:66: 
TestEndToEndDeploymentScenario 2024-08-14T05:27:58Z logger.go:66:       [32m+[0m[0m metadata_options (known after apply)
TestEndToEndDeploymentScenario 2024-08-14T05:27:58Z logger.go:66: 
TestEndToEndDeploymentScenario 2024-08-14T05:27:58Z logger.go:66:       [32m+[0m[0m network_interface {
TestEndToEndDeploymentScenario 2024-08-14T05:27:58Z logger.go:66:           [32m+[0m[0m index              = (known after apply)
TestEndToEndDeploymentScenario 2024-08-14T05:27:58Z logger.go:66:           [32m+[0m[0m ip_address         = (known after apply)
TestEndToEndDeploymentScenario 2024-08-14T05:27:58Z logger.go:66:           [32m+[0m[0m ipv4               = true
TestEndToEndDeploymentScenario 2024-08-14T05:27:58Z logger.go:66:           [32m+[0m[0m ipv6               = (known after apply)
TestEndToEndDeploymentScenario 2024-08-14T05:27:58Z logger.go:66:           [32m+[0m[0m ipv6_address       = (known after apply)
TestEndToEndDeploymentScenario 2024-08-14T05:27:58Z logger.go:66:           [32m+[0m[0m mac_address        = (known after apply)
TestEndToEndDeploymentScenario 2024-08-14T05:27:58Z logger.go:66:           [32m+[0m[0m nat                = true
TestEndToEndDeploymentScenario 2024-08-14T05:27:58Z logger.go:66:           [32m+[0m[0m nat_ip_address     = (known after apply)
TestEndToEndDeploymentScenario 2024-08-14T05:27:58Z logger.go:66:           [32m+[0m[0m nat_ip_version     = (known after apply)
TestEndToEndDeploymentScenario 2024-08-14T05:27:58Z logger.go:66:           [32m+[0m[0m security_group_ids = (known after apply)
TestEndToEndDeploymentScenario 2024-08-14T05:27:58Z logger.go:66:           [32m+[0m[0m subnet_id          = (known after apply)
TestEndToEndDeploymentScenario 2024-08-14T05:27:58Z logger.go:66:         }
TestEndToEndDeploymentScenario 2024-08-14T05:27:58Z logger.go:66: 
TestEndToEndDeploymentScenario 2024-08-14T05:27:58Z logger.go:66:       [32m+[0m[0m placement_policy (known after apply)
TestEndToEndDeploymentScenario 2024-08-14T05:27:58Z logger.go:66: 
TestEndToEndDeploymentScenario 2024-08-14T05:27:58Z logger.go:66:       [32m+[0m[0m resources {
TestEndToEndDeploymentScenario 2024-08-14T05:27:58Z logger.go:66:           [32m+[0m[0m core_fraction = 100
TestEndToEndDeploymentScenario 2024-08-14T05:27:58Z logger.go:66:           [32m+[0m[0m cores         = 2
TestEndToEndDeploymentScenario 2024-08-14T05:27:58Z logger.go:66:           [32m+[0m[0m memory        = 2
TestEndToEndDeploymentScenario 2024-08-14T05:27:58Z logger.go:66:         }
TestEndToEndDeploymentScenario 2024-08-14T05:27:58Z logger.go:66: 
TestEndToEndDeploymentScenario 2024-08-14T05:27:58Z logger.go:66:       [32m+[0m[0m scheduling_policy (known after apply)
TestEndToEndDeploymentScenario 2024-08-14T05:27:58Z logger.go:66:     }
TestEndToEndDeploymentScenario 2024-08-14T05:27:58Z logger.go:66: 
TestEndToEndDeploymentScenario 2024-08-14T05:27:58Z logger.go:66: [1m  # yandex_compute_instance.wp-app["wp-app-2"][0m will be created
TestEndToEndDeploymentScenario 2024-08-14T05:27:58Z logger.go:66: [0m  [32m+[0m[0m resource "yandex_compute_instance" "wp-app" {
TestEndToEndDeploymentScenario 2024-08-14T05:27:58Z logger.go:66:       [32m+[0m[0m created_at                = (known after apply)
TestEndToEndDeploymentScenario 2024-08-14T05:27:58Z logger.go:66:       [32m+[0m[0m folder_id                 = (known after apply)
TestEndToEndDeploymentScenario 2024-08-14T05:27:58Z logger.go:66:       [32m+[0m[0m fqdn                      = (known after apply)
TestEndToEndDeploymentScenario 2024-08-14T05:27:58Z logger.go:66:       [32m+[0m[0m gpu_cluster_id            = (known after apply)
TestEndToEndDeploymentScenario 2024-08-14T05:27:58Z logger.go:66:       [32m+[0m[0m hostname                  = (known after apply)
TestEndToEndDeploymentScenario 2024-08-14T05:27:58Z logger.go:66:       [32m+[0m[0m id                        = (known after apply)
TestEndToEndDeploymentScenario 2024-08-14T05:27:58Z logger.go:66:       [32m+[0m[0m maintenance_grace_period  = (known after apply)
TestEndToEndDeploymentScenario 2024-08-14T05:27:58Z logger.go:66:       [32m+[0m[0m maintenance_policy        = (known after apply)
TestEndToEndDeploymentScenario 2024-08-14T05:27:58Z logger.go:66:       [32m+[0m[0m metadata                  = {
TestEndToEndDeploymentScenario 2024-08-14T05:27:58Z logger.go:66:           [32m+[0m[0m "ssh-keys" = <<-EOT
TestEndToEndDeploymentScenario 2024-08-14T05:27:58Z logger.go:66:                 ubuntu:ssh-ed25519 AAAAC3NzaC1lZDI1NTE5AAAAICwO+QE6ghCsJ+RYQzshFsYOA5OK+kFRgknEfwNPesOn anton@packer
TestEndToEndDeploymentScenario 2024-08-14T05:27:58Z logger.go:66:             EOT
TestEndToEndDeploymentScenario 2024-08-14T05:27:58Z logger.go:66:         }
TestEndToEndDeploymentScenario 2024-08-14T05:27:58Z logger.go:66:       [32m+[0m[0m name                      = "wp-app-2"
TestEndToEndDeploymentScenario 2024-08-14T05:27:58Z logger.go:66:       [32m+[0m[0m network_acceleration_type = "standard"
TestEndToEndDeploymentScenario 2024-08-14T05:27:58Z logger.go:66:       [32m+[0m[0m platform_id               = "standard-v1"
TestEndToEndDeploymentScenario 2024-08-14T05:27:58Z logger.go:66:       [32m+[0m[0m service_account_id        = (known after apply)
TestEndToEndDeploymentScenario 2024-08-14T05:27:58Z logger.go:66:       [32m+[0m[0m status                    = (known after apply)
TestEndToEndDeploymentScenario 2024-08-14T05:27:58Z logger.go:66:       [32m+[0m[0m zone                      = "ru-central1-b"
TestEndToEndDeploymentScenario 2024-08-14T05:27:58Z logger.go:66: 
TestEndToEndDeploymentScenario 2024-08-14T05:27:58Z logger.go:66:       [32m+[0m[0m boot_disk {
TestEndToEndDeploymentScenario 2024-08-14T05:27:58Z logger.go:66:           [32m+[0m[0m auto_delete = true
TestEndToEndDeploymentScenario 2024-08-14T05:27:58Z logger.go:66:           [32m+[0m[0m device_name = (known after apply)
TestEndToEndDeploymentScenario 2024-08-14T05:27:58Z logger.go:66:           [32m+[0m[0m disk_id     = (known after apply)
TestEndToEndDeploymentScenario 2024-08-14T05:27:58Z logger.go:66:           [32m+[0m[0m mode        = (known after apply)
TestEndToEndDeploymentScenario 2024-08-14T05:27:58Z logger.go:66: 
TestEndToEndDeploymentScenario 2024-08-14T05:27:58Z logger.go:66:           [32m+[0m[0m initialize_params {
TestEndToEndDeploymentScenario 2024-08-14T05:27:58Z logger.go:66:               [32m+[0m[0m block_size  = (known after apply)
TestEndToEndDeploymentScenario 2024-08-14T05:27:58Z logger.go:66:               [32m+[0m[0m description = (known after apply)
TestEndToEndDeploymentScenario 2024-08-14T05:27:58Z logger.go:66:               [32m+[0m[0m image_id    = "fd80viupr3qjr5g6g9du"
TestEndToEndDeploymentScenario 2024-08-14T05:27:58Z logger.go:66:               [32m+[0m[0m name        = (known after apply)
TestEndToEndDeploymentScenario 2024-08-14T05:27:58Z logger.go:66:               [32m+[0m[0m size        = (known after apply)
TestEndToEndDeploymentScenario 2024-08-14T05:27:58Z logger.go:66:               [32m+[0m[0m snapshot_id = (known after apply)
TestEndToEndDeploymentScenario 2024-08-14T05:27:58Z logger.go:66:               [32m+[0m[0m type        = "network-hdd"
TestEndToEndDeploymentScenario 2024-08-14T05:27:58Z logger.go:66:             }
TestEndToEndDeploymentScenario 2024-08-14T05:27:58Z logger.go:66:         }
TestEndToEndDeploymentScenario 2024-08-14T05:27:58Z logger.go:66: 
TestEndToEndDeploymentScenario 2024-08-14T05:27:58Z logger.go:66:       [32m+[0m[0m metadata_options (known after apply)
TestEndToEndDeploymentScenario 2024-08-14T05:27:58Z logger.go:66: 
TestEndToEndDeploymentScenario 2024-08-14T05:27:58Z logger.go:66:       [32m+[0m[0m network_interface {
TestEndToEndDeploymentScenario 2024-08-14T05:27:58Z logger.go:66:           [32m+[0m[0m index              = (known after apply)
TestEndToEndDeploymentScenario 2024-08-14T05:27:58Z logger.go:66:           [32m+[0m[0m ip_address         = (known after apply)
TestEndToEndDeploymentScenario 2024-08-14T05:27:58Z logger.go:66:           [32m+[0m[0m ipv4               = true
TestEndToEndDeploymentScenario 2024-08-14T05:27:58Z logger.go:66:           [32m+[0m[0m ipv6               = (known after apply)
TestEndToEndDeploymentScenario 2024-08-14T05:27:58Z logger.go:66:           [32m+[0m[0m ipv6_address       = (known after apply)
TestEndToEndDeploymentScenario 2024-08-14T05:27:58Z logger.go:66:           [32m+[0m[0m mac_address        = (known after apply)
TestEndToEndDeploymentScenario 2024-08-14T05:27:58Z logger.go:66:           [32m+[0m[0m nat                = true
TestEndToEndDeploymentScenario 2024-08-14T05:27:58Z logger.go:66:           [32m+[0m[0m nat_ip_address     = (known after apply)
TestEndToEndDeploymentScenario 2024-08-14T05:27:58Z logger.go:66:           [32m+[0m[0m nat_ip_version     = (known after apply)
TestEndToEndDeploymentScenario 2024-08-14T05:27:58Z logger.go:66:           [32m+[0m[0m security_group_ids = (known after apply)
TestEndToEndDeploymentScenario 2024-08-14T05:27:58Z logger.go:66:           [32m+[0m[0m subnet_id          = (known after apply)
TestEndToEndDeploymentScenario 2024-08-14T05:27:58Z logger.go:66:         }
TestEndToEndDeploymentScenario 2024-08-14T05:27:58Z logger.go:66: 
TestEndToEndDeploymentScenario 2024-08-14T05:27:58Z logger.go:66:       [32m+[0m[0m placement_policy (known after apply)
TestEndToEndDeploymentScenario 2024-08-14T05:27:58Z logger.go:66: 
TestEndToEndDeploymentScenario 2024-08-14T05:27:58Z logger.go:66:       [32m+[0m[0m resources {
TestEndToEndDeploymentScenario 2024-08-14T05:27:58Z logger.go:66:           [32m+[0m[0m core_fraction = 100
TestEndToEndDeploymentScenario 2024-08-14T05:27:58Z logger.go:66:           [32m+[0m[0m cores         = 2
TestEndToEndDeploymentScenario 2024-08-14T05:27:58Z logger.go:66:           [32m+[0m[0m memory        = 2
TestEndToEndDeploymentScenario 2024-08-14T05:27:58Z logger.go:66:         }
TestEndToEndDeploymentScenario 2024-08-14T05:27:58Z logger.go:66: 
TestEndToEndDeploymentScenario 2024-08-14T05:27:58Z logger.go:66:       [32m+[0m[0m scheduling_policy (known after apply)
TestEndToEndDeploymentScenario 2024-08-14T05:27:58Z logger.go:66:     }
TestEndToEndDeploymentScenario 2024-08-14T05:27:58Z logger.go:66: 
TestEndToEndDeploymentScenario 2024-08-14T05:27:58Z logger.go:66: [1m  # yandex_lb_network_load_balancer.wp_lb[0m will be created
TestEndToEndDeploymentScenario 2024-08-14T05:27:58Z logger.go:66: [0m  [32m+[0m[0m resource "yandex_lb_network_load_balancer" "wp_lb" {
TestEndToEndDeploymentScenario 2024-08-14T05:27:58Z logger.go:66:       [32m+[0m[0m created_at          = (known after apply)
TestEndToEndDeploymentScenario 2024-08-14T05:27:58Z logger.go:66:       [32m+[0m[0m deletion_protection = (known after apply)
TestEndToEndDeploymentScenario 2024-08-14T05:27:58Z logger.go:66:       [32m+[0m[0m folder_id           = (known after apply)
TestEndToEndDeploymentScenario 2024-08-14T05:27:58Z logger.go:66:       [32m+[0m[0m id                  = (known after apply)
TestEndToEndDeploymentScenario 2024-08-14T05:27:58Z logger.go:66:       [32m+[0m[0m name                = "wp-network-load-balancer"
TestEndToEndDeploymentScenario 2024-08-14T05:27:58Z logger.go:66:       [32m+[0m[0m region_id           = (known after apply)
TestEndToEndDeploymentScenario 2024-08-14T05:27:58Z logger.go:66:       [32m+[0m[0m type                = "external"
TestEndToEndDeploymentScenario 2024-08-14T05:27:58Z logger.go:66: 
TestEndToEndDeploymentScenario 2024-08-14T05:27:58Z logger.go:66:       [32m+[0m[0m attached_target_group {
TestEndToEndDeploymentScenario 2024-08-14T05:27:58Z logger.go:66:           [32m+[0m[0m target_group_id = (known after apply)
TestEndToEndDeploymentScenario 2024-08-14T05:27:58Z logger.go:66: 
TestEndToEndDeploymentScenario 2024-08-14T05:27:58Z logger.go:66:           [32m+[0m[0m healthcheck {
TestEndToEndDeploymentScenario 2024-08-14T05:27:58Z logger.go:66:               [32m+[0m[0m healthy_threshold   = 2
TestEndToEndDeploymentScenario 2024-08-14T05:27:58Z logger.go:66:               [32m+[0m[0m interval            = 2
TestEndToEndDeploymentScenario 2024-08-14T05:27:58Z logger.go:66:               [32m+[0m[0m name                = "http"
TestEndToEndDeploymentScenario 2024-08-14T05:27:58Z logger.go:66:               [32m+[0m[0m timeout             = 1
TestEndToEndDeploymentScenario 2024-08-14T05:27:58Z logger.go:66:               [32m+[0m[0m unhealthy_threshold = 2
TestEndToEndDeploymentScenario 2024-08-14T05:27:58Z logger.go:66: 
TestEndToEndDeploymentScenario 2024-08-14T05:27:58Z logger.go:66:               [32m+[0m[0m http_options {
TestEndToEndDeploymentScenario 2024-08-14T05:27:58Z logger.go:66:                   [32m+[0m[0m path = "/health"
TestEndToEndDeploymentScenario 2024-08-14T05:27:58Z logger.go:66:                   [32m+[0m[0m port = 80
TestEndToEndDeploymentScenario 2024-08-14T05:27:58Z logger.go:66:                 }
TestEndToEndDeploymentScenario 2024-08-14T05:27:58Z logger.go:66:             }
TestEndToEndDeploymentScenario 2024-08-14T05:27:58Z logger.go:66:         }
TestEndToEndDeploymentScenario 2024-08-14T05:27:58Z logger.go:66: 
TestEndToEndDeploymentScenario 2024-08-14T05:27:58Z logger.go:66:       [32m+[0m[0m listener {
TestEndToEndDeploymentScenario 2024-08-14T05:27:58Z logger.go:66:           [32m+[0m[0m name        = "wp-listener"
TestEndToEndDeploymentScenario 2024-08-14T05:27:58Z logger.go:66:           [32m+[0m[0m port        = 80
TestEndToEndDeploymentScenario 2024-08-14T05:27:58Z logger.go:66:           [32m+[0m[0m protocol    = (known after apply)
TestEndToEndDeploymentScenario 2024-08-14T05:27:58Z logger.go:66:           [32m+[0m[0m target_port = (known after apply)
TestEndToEndDeploymentScenario 2024-08-14T05:27:58Z logger.go:66: 
TestEndToEndDeploymentScenario 2024-08-14T05:27:58Z logger.go:66:           [32m+[0m[0m external_address_spec {
TestEndToEndDeploymentScenario 2024-08-14T05:27:58Z logger.go:66:               [32m+[0m[0m address    = (known after apply)
TestEndToEndDeploymentScenario 2024-08-14T05:27:58Z logger.go:66:               [32m+[0m[0m ip_version = "ipv4"
TestEndToEndDeploymentScenario 2024-08-14T05:27:58Z logger.go:66:             }
TestEndToEndDeploymentScenario 2024-08-14T05:27:58Z logger.go:66:         }
TestEndToEndDeploymentScenario 2024-08-14T05:27:58Z logger.go:66:     }
TestEndToEndDeploymentScenario 2024-08-14T05:27:58Z logger.go:66: 
TestEndToEndDeploymentScenario 2024-08-14T05:27:58Z logger.go:66: [1m  # yandex_lb_target_group.wp_tg[0m will be created
TestEndToEndDeploymentScenario 2024-08-14T05:27:58Z logger.go:66: [0m  [32m+[0m[0m resource "yandex_lb_target_group" "wp_tg" {
TestEndToEndDeploymentScenario 2024-08-14T05:27:58Z logger.go:66:       [32m+[0m[0m created_at = (known after apply)
TestEndToEndDeploymentScenario 2024-08-14T05:27:58Z logger.go:66:       [32m+[0m[0m folder_id  = (known after apply)
TestEndToEndDeploymentScenario 2024-08-14T05:27:58Z logger.go:66:       [32m+[0m[0m id         = (known after apply)
TestEndToEndDeploymentScenario 2024-08-14T05:27:58Z logger.go:66:       [32m+[0m[0m name       = "wp-target-group"
TestEndToEndDeploymentScenario 2024-08-14T05:27:58Z logger.go:66:       [32m+[0m[0m region_id  = (known after apply)
TestEndToEndDeploymentScenario 2024-08-14T05:27:58Z logger.go:66: 
TestEndToEndDeploymentScenario 2024-08-14T05:27:58Z logger.go:66:       [32m+[0m[0m target {
TestEndToEndDeploymentScenario 2024-08-14T05:27:58Z logger.go:66:           [32m+[0m[0m address   = (known after apply)
TestEndToEndDeploymentScenario 2024-08-14T05:27:58Z logger.go:66:           [32m+[0m[0m subnet_id = (known after apply)
TestEndToEndDeploymentScenario 2024-08-14T05:27:58Z logger.go:66:         }
TestEndToEndDeploymentScenario 2024-08-14T05:27:58Z logger.go:66:       [32m+[0m[0m target {
TestEndToEndDeploymentScenario 2024-08-14T05:27:58Z logger.go:66:           [32m+[0m[0m address   = (known after apply)
TestEndToEndDeploymentScenario 2024-08-14T05:27:58Z logger.go:66:           [32m+[0m[0m subnet_id = (known after apply)
TestEndToEndDeploymentScenario 2024-08-14T05:27:58Z logger.go:66:         }
TestEndToEndDeploymentScenario 2024-08-14T05:27:58Z logger.go:66:     }
TestEndToEndDeploymentScenario 2024-08-14T05:27:58Z logger.go:66: 
TestEndToEndDeploymentScenario 2024-08-14T05:27:58Z logger.go:66: [1m  # yandex_mdb_mysql_cluster.wp_mysql[0m will be created
TestEndToEndDeploymentScenario 2024-08-14T05:27:58Z logger.go:66: [0m  [32m+[0m[0m resource "yandex_mdb_mysql_cluster" "wp_mysql" {
TestEndToEndDeploymentScenario 2024-08-14T05:27:58Z logger.go:66:       [32m+[0m[0m allow_regeneration_host   = false
TestEndToEndDeploymentScenario 2024-08-14T05:27:58Z logger.go:66:       [32m+[0m[0m backup_retain_period_days = (known after apply)
TestEndToEndDeploymentScenario 2024-08-14T05:27:58Z logger.go:66:       [32m+[0m[0m created_at                = (known after apply)
TestEndToEndDeploymentScenario 2024-08-14T05:27:58Z logger.go:66:       [32m+[0m[0m deletion_protection       = (known after apply)
TestEndToEndDeploymentScenario 2024-08-14T05:27:58Z logger.go:66:       [32m+[0m[0m environment               = "PRODUCTION"
TestEndToEndDeploymentScenario 2024-08-14T05:27:58Z logger.go:66:       [32m+[0m[0m folder_id                 = "b1g4f2iqmdfgd4k3km4n"
TestEndToEndDeploymentScenario 2024-08-14T05:27:58Z logger.go:66:       [32m+[0m[0m health                    = (known after apply)
TestEndToEndDeploymentScenario 2024-08-14T05:27:58Z logger.go:66:       [32m+[0m[0m host_group_ids            = (known after apply)
TestEndToEndDeploymentScenario 2024-08-14T05:27:58Z logger.go:66:       [32m+[0m[0m id                        = (known after apply)
TestEndToEndDeploymentScenario 2024-08-14T05:27:58Z logger.go:66:       [32m+[0m[0m mysql_config              = (known after apply)
TestEndToEndDeploymentScenario 2024-08-14T05:27:58Z logger.go:66:       [32m+[0m[0m name                      = "wp-mysql"
TestEndToEndDeploymentScenario 2024-08-14T05:27:58Z logger.go:66:       [32m+[0m[0m network_id                = (known after apply)
TestEndToEndDeploymentScenario 2024-08-14T05:27:58Z logger.go:66:       [32m+[0m[0m status                    = (known after apply)
TestEndToEndDeploymentScenario 2024-08-14T05:27:58Z logger.go:66:       [32m+[0m[0m version                   = "8.0"
TestEndToEndDeploymentScenario 2024-08-14T05:27:58Z logger.go:66: 
TestEndToEndDeploymentScenario 2024-08-14T05:27:58Z logger.go:66:       [32m+[0m[0m access (known after apply)
TestEndToEndDeploymentScenario 2024-08-14T05:27:58Z logger.go:66: 
TestEndToEndDeploymentScenario 2024-08-14T05:27:58Z logger.go:66:       [32m+[0m[0m backup_window_start (known after apply)
TestEndToEndDeploymentScenario 2024-08-14T05:27:58Z logger.go:66: 
TestEndToEndDeploymentScenario 2024-08-14T05:27:58Z logger.go:66:       [32m+[0m[0m database {
TestEndToEndDeploymentScenario 2024-08-14T05:27:58Z logger.go:66:           [32m+[0m[0m name = "db"
TestEndToEndDeploymentScenario 2024-08-14T05:27:58Z logger.go:66:         }
TestEndToEndDeploymentScenario 2024-08-14T05:27:58Z logger.go:66: 
TestEndToEndDeploymentScenario 2024-08-14T05:27:58Z logger.go:66:       [32m+[0m[0m host {
TestEndToEndDeploymentScenario 2024-08-14T05:27:58Z logger.go:66:           [32m+[0m[0m assign_public_ip   = true
TestEndToEndDeploymentScenario 2024-08-14T05:27:58Z logger.go:66:           [32m+[0m[0m fqdn               = (known after apply)
TestEndToEndDeploymentScenario 2024-08-14T05:27:58Z logger.go:66:           [32m+[0m[0m replication_source = (known after apply)
TestEndToEndDeploymentScenario 2024-08-14T05:27:58Z logger.go:66:           [32m+[0m[0m subnet_id          = (known after apply)
TestEndToEndDeploymentScenario 2024-08-14T05:27:58Z logger.go:66:           [32m+[0m[0m zone               = "ru-central1-b"
TestEndToEndDeploymentScenario 2024-08-14T05:27:58Z logger.go:66:         }
TestEndToEndDeploymentScenario 2024-08-14T05:27:58Z logger.go:66:       [32m+[0m[0m host {
TestEndToEndDeploymentScenario 2024-08-14T05:27:58Z logger.go:66:           [32m+[0m[0m assign_public_ip   = true
TestEndToEndDeploymentScenario 2024-08-14T05:27:58Z logger.go:66:           [32m+[0m[0m fqdn               = (known after apply)
TestEndToEndDeploymentScenario 2024-08-14T05:27:58Z logger.go:66:           [32m+[0m[0m replication_source = (known after apply)
TestEndToEndDeploymentScenario 2024-08-14T05:27:58Z logger.go:66:           [32m+[0m[0m subnet_id          = (known after apply)
TestEndToEndDeploymentScenario 2024-08-14T05:27:58Z logger.go:66:           [32m+[0m[0m zone               = "ru-central1-a"
TestEndToEndDeploymentScenario 2024-08-14T05:27:58Z logger.go:66:         }
TestEndToEndDeploymentScenario 2024-08-14T05:27:58Z logger.go:66: 
TestEndToEndDeploymentScenario 2024-08-14T05:27:58Z logger.go:66:       [32m+[0m[0m maintenance_window (known after apply)
TestEndToEndDeploymentScenario 2024-08-14T05:27:58Z logger.go:66: 
TestEndToEndDeploymentScenario 2024-08-14T05:27:58Z logger.go:66:       [32m+[0m[0m performance_diagnostics (known after apply)
TestEndToEndDeploymentScenario 2024-08-14T05:27:58Z logger.go:66: 
TestEndToEndDeploymentScenario 2024-08-14T05:27:58Z logger.go:66:       [32m+[0m[0m resources {
TestEndToEndDeploymentScenario 2024-08-14T05:27:58Z logger.go:66:           [32m+[0m[0m disk_size          = 16
TestEndToEndDeploymentScenario 2024-08-14T05:27:58Z logger.go:66:           [32m+[0m[0m disk_type_id       = "network-ssd"
TestEndToEndDeploymentScenario 2024-08-14T05:27:58Z logger.go:66:           [32m+[0m[0m resource_preset_id = "s2.micro"
TestEndToEndDeploymentScenario 2024-08-14T05:27:58Z logger.go:66:         }
TestEndToEndDeploymentScenario 2024-08-14T05:27:58Z logger.go:66: 
TestEndToEndDeploymentScenario 2024-08-14T05:27:58Z logger.go:66:       [32m+[0m[0m user {
TestEndToEndDeploymentScenario 2024-08-14T05:27:58Z logger.go:66:           [32m+[0m[0m authentication_plugin = "MYSQL_NATIVE_PASSWORD"
TestEndToEndDeploymentScenario 2024-08-14T05:27:58Z logger.go:66:           [32m+[0m[0m global_permissions    = (known after apply)
TestEndToEndDeploymentScenario 2024-08-14T05:27:58Z logger.go:66:           [32m+[0m[0m name                  = "user"
TestEndToEndDeploymentScenario 2024-08-14T05:27:58Z logger.go:66:           [32m+[0m[0m password              = (sensitive value)
TestEndToEndDeploymentScenario 2024-08-14T05:27:58Z logger.go:66: 
TestEndToEndDeploymentScenario 2024-08-14T05:27:58Z logger.go:66:           [32m+[0m[0m connection_limits (known after apply)
TestEndToEndDeploymentScenario 2024-08-14T05:27:58Z logger.go:66: 
TestEndToEndDeploymentScenario 2024-08-14T05:27:58Z logger.go:66:           [32m+[0m[0m permission {
TestEndToEndDeploymentScenario 2024-08-14T05:27:58Z logger.go:66:               [32m+[0m[0m database_name = "db"
TestEndToEndDeploymentScenario 2024-08-14T05:27:58Z logger.go:66:               [32m+[0m[0m roles         = [
TestEndToEndDeploymentScenario 2024-08-14T05:27:58Z logger.go:66:                   [32m+[0m[0m "ALL",
TestEndToEndDeploymentScenario 2024-08-14T05:27:58Z logger.go:66:                 ]
TestEndToEndDeploymentScenario 2024-08-14T05:27:58Z logger.go:66:             }
TestEndToEndDeploymentScenario 2024-08-14T05:27:58Z logger.go:66:         }
TestEndToEndDeploymentScenario 2024-08-14T05:27:58Z logger.go:66:     }
TestEndToEndDeploymentScenario 2024-08-14T05:27:58Z logger.go:66: 
TestEndToEndDeploymentScenario 2024-08-14T05:27:58Z logger.go:66: [1m  # yandex_vpc_network.wp-network[0m will be created
TestEndToEndDeploymentScenario 2024-08-14T05:27:58Z logger.go:66: [0m  [32m+[0m[0m resource "yandex_vpc_network" "wp-network" {
TestEndToEndDeploymentScenario 2024-08-14T05:27:58Z logger.go:66:       [32m+[0m[0m created_at                = (known after apply)
TestEndToEndDeploymentScenario 2024-08-14T05:27:58Z logger.go:66:       [32m+[0m[0m default_security_group_id = (known after apply)
TestEndToEndDeploymentScenario 2024-08-14T05:27:58Z logger.go:66:       [32m+[0m[0m folder_id                 = (known after apply)
TestEndToEndDeploymentScenario 2024-08-14T05:27:58Z logger.go:66:       [32m+[0m[0m id                        = (known after apply)
TestEndToEndDeploymentScenario 2024-08-14T05:27:58Z logger.go:66:       [32m+[0m[0m labels                    = (known after apply)
TestEndToEndDeploymentScenario 2024-08-14T05:27:58Z logger.go:66:       [32m+[0m[0m name                      = "wp-network"
TestEndToEndDeploymentScenario 2024-08-14T05:27:58Z logger.go:66:       [32m+[0m[0m subnet_ids                = (known after apply)
TestEndToEndDeploymentScenario 2024-08-14T05:27:58Z logger.go:66:     }
TestEndToEndDeploymentScenario 2024-08-14T05:27:58Z logger.go:66: 
TestEndToEndDeploymentScenario 2024-08-14T05:27:58Z logger.go:66: [1m  # yandex_vpc_subnet.wp-subnet-a[0m will be created
TestEndToEndDeploymentScenario 2024-08-14T05:27:58Z logger.go:66: [0m  [32m+[0m[0m resource "yandex_vpc_subnet" "wp-subnet-a" {
TestEndToEndDeploymentScenario 2024-08-14T05:27:58Z logger.go:66:       [32m+[0m[0m created_at     = (known after apply)
TestEndToEndDeploymentScenario 2024-08-14T05:27:58Z logger.go:66:       [32m+[0m[0m folder_id      = (known after apply)
TestEndToEndDeploymentScenario 2024-08-14T05:27:58Z logger.go:66:       [32m+[0m[0m id             = (known after apply)
TestEndToEndDeploymentScenario 2024-08-14T05:27:58Z logger.go:66:       [32m+[0m[0m labels         = (known after apply)
TestEndToEndDeploymentScenario 2024-08-14T05:27:58Z logger.go:66:       [32m+[0m[0m name           = "wp-subnet-a"
TestEndToEndDeploymentScenario 2024-08-14T05:27:58Z logger.go:66:       [32m+[0m[0m network_id     = (known after apply)
TestEndToEndDeploymentScenario 2024-08-14T05:27:58Z logger.go:66:       [32m+[0m[0m v4_cidr_blocks = [
TestEndToEndDeploymentScenario 2024-08-14T05:27:58Z logger.go:66:           [32m+[0m[0m "10.2.0.0/16",
TestEndToEndDeploymentScenario 2024-08-14T05:27:58Z logger.go:66:         ]
TestEndToEndDeploymentScenario 2024-08-14T05:27:58Z logger.go:66:       [32m+[0m[0m v6_cidr_blocks = (known after apply)
TestEndToEndDeploymentScenario 2024-08-14T05:27:58Z logger.go:66:       [32m+[0m[0m zone           = "ru-central1-a"
TestEndToEndDeploymentScenario 2024-08-14T05:27:58Z logger.go:66:     }
TestEndToEndDeploymentScenario 2024-08-14T05:27:58Z logger.go:66: 
TestEndToEndDeploymentScenario 2024-08-14T05:27:58Z logger.go:66: [1m  # yandex_vpc_subnet.wp-subnet-b[0m will be created
TestEndToEndDeploymentScenario 2024-08-14T05:27:58Z logger.go:66: [0m  [32m+[0m[0m resource "yandex_vpc_subnet" "wp-subnet-b" {
TestEndToEndDeploymentScenario 2024-08-14T05:27:58Z logger.go:66:       [32m+[0m[0m created_at     = (known after apply)
TestEndToEndDeploymentScenario 2024-08-14T05:27:58Z logger.go:66:       [32m+[0m[0m folder_id      = (known after apply)
TestEndToEndDeploymentScenario 2024-08-14T05:27:58Z logger.go:66:       [32m+[0m[0m id             = (known after apply)
TestEndToEndDeploymentScenario 2024-08-14T05:27:58Z logger.go:66:       [32m+[0m[0m labels         = (known after apply)
TestEndToEndDeploymentScenario 2024-08-14T05:27:58Z logger.go:66:       [32m+[0m[0m name           = "wp-subnet-b"
TestEndToEndDeploymentScenario 2024-08-14T05:27:58Z logger.go:66:       [32m+[0m[0m network_id     = (known after apply)
TestEndToEndDeploymentScenario 2024-08-14T05:27:58Z logger.go:66:       [32m+[0m[0m v4_cidr_blocks = [
TestEndToEndDeploymentScenario 2024-08-14T05:27:58Z logger.go:66:           [32m+[0m[0m "10.3.0.0/16",
TestEndToEndDeploymentScenario 2024-08-14T05:27:58Z logger.go:66:         ]
TestEndToEndDeploymentScenario 2024-08-14T05:27:58Z logger.go:66:       [32m+[0m[0m v6_cidr_blocks = (known after apply)
TestEndToEndDeploymentScenario 2024-08-14T05:27:58Z logger.go:66:       [32m+[0m[0m zone           = "ru-central1-b"
TestEndToEndDeploymentScenario 2024-08-14T05:27:58Z logger.go:66:     }
TestEndToEndDeploymentScenario 2024-08-14T05:27:58Z logger.go:66: 
TestEndToEndDeploymentScenario 2024-08-14T05:27:58Z logger.go:66: [1m  # yandex_vpc_subnet.wp-subnet-c[0m will be created
TestEndToEndDeploymentScenario 2024-08-14T05:27:58Z logger.go:66: [0m  [32m+[0m[0m resource "yandex_vpc_subnet" "wp-subnet-c" {
TestEndToEndDeploymentScenario 2024-08-14T05:27:58Z logger.go:66:       [32m+[0m[0m created_at     = (known after apply)
TestEndToEndDeploymentScenario 2024-08-14T05:27:58Z logger.go:66:       [32m+[0m[0m folder_id      = (known after apply)
TestEndToEndDeploymentScenario 2024-08-14T05:27:58Z logger.go:66:       [32m+[0m[0m id             = (known after apply)
TestEndToEndDeploymentScenario 2024-08-14T05:27:58Z logger.go:66:       [32m+[0m[0m labels         = (known after apply)
TestEndToEndDeploymentScenario 2024-08-14T05:27:58Z logger.go:66:       [32m+[0m[0m name           = "wp-subnet-c"
TestEndToEndDeploymentScenario 2024-08-14T05:27:58Z logger.go:66:       [32m+[0m[0m network_id     = (known after apply)
TestEndToEndDeploymentScenario 2024-08-14T05:27:58Z logger.go:66:       [32m+[0m[0m v4_cidr_blocks = [
TestEndToEndDeploymentScenario 2024-08-14T05:27:58Z logger.go:66:           [32m+[0m[0m "10.4.0.0/16",
TestEndToEndDeploymentScenario 2024-08-14T05:27:58Z logger.go:66:         ]
TestEndToEndDeploymentScenario 2024-08-14T05:27:58Z logger.go:66:       [32m+[0m[0m v6_cidr_blocks = (known after apply)
TestEndToEndDeploymentScenario 2024-08-14T05:27:58Z logger.go:66:       [32m+[0m[0m zone           = "ru-central1-c"
TestEndToEndDeploymentScenario 2024-08-14T05:27:58Z logger.go:66:     }
TestEndToEndDeploymentScenario 2024-08-14T05:27:58Z logger.go:66: 
TestEndToEndDeploymentScenario 2024-08-14T05:27:58Z logger.go:66: [1mPlan:[0m 9 to add, 0 to change, 0 to destroy.
TestEndToEndDeploymentScenario 2024-08-14T05:27:58Z logger.go:66: [0m
TestEndToEndDeploymentScenario 2024-08-14T05:27:58Z logger.go:66: Changes to Outputs:
TestEndToEndDeploymentScenario 2024-08-14T05:27:58Z logger.go:66:   [32m+[0m[0m database_host_fqdn         = [
TestEndToEndDeploymentScenario 2024-08-14T05:27:58Z logger.go:66:       [32m+[0m[0m (known after apply),
TestEndToEndDeploymentScenario 2024-08-14T05:27:58Z logger.go:66:       [32m+[0m[0m (known after apply),
TestEndToEndDeploymentScenario 2024-08-14T05:27:58Z logger.go:66:     ]
TestEndToEndDeploymentScenario 2024-08-14T05:27:58Z logger.go:66:   [32m+[0m[0m db_name                    = "db"
TestEndToEndDeploymentScenario 2024-08-14T05:27:58Z logger.go:66:   [32m+[0m[0m db_pass                    = (sensitive value)
TestEndToEndDeploymentScenario 2024-08-14T05:27:58Z logger.go:66:   [32m+[0m[0m db_user                    = "user"
TestEndToEndDeploymentScenario 2024-08-14T05:27:58Z logger.go:66:   [32m+[0m[0m load_balancer_public_ip    = (known after apply)
TestEndToEndDeploymentScenario 2024-08-14T05:27:58Z logger.go:66:   [32m+[0m[0m vm_linux_public_ip_address = [
TestEndToEndDeploymentScenario 2024-08-14T05:27:58Z logger.go:66:       [32m+[0m[0m (known after apply),
TestEndToEndDeploymentScenario 2024-08-14T05:27:58Z logger.go:66:       [32m+[0m[0m (known after apply),
TestEndToEndDeploymentScenario 2024-08-14T05:27:58Z logger.go:66:     ]
TestEndToEndDeploymentScenario 2024-08-14T05:27:58Z logger.go:66: [0m[1myandex_vpc_network.wp-network: Creating...[0m[0m
TestEndToEndDeploymentScenario 2024-08-14T05:28:01Z logger.go:66: [0m[1myandex_vpc_network.wp-network: Creation complete after 2s [id=enplp0v0ppmsg1p3pem2][0m
TestEndToEndDeploymentScenario 2024-08-14T05:28:01Z logger.go:66: [0m[1myandex_vpc_subnet.wp-subnet-a: Creating...[0m[0m
TestEndToEndDeploymentScenario 2024-08-14T05:28:01Z logger.go:66: [0m[1myandex_vpc_subnet.wp-subnet-b: Creating...[0m[0m
TestEndToEndDeploymentScenario 2024-08-14T05:28:01Z logger.go:66: [0m[1myandex_vpc_subnet.wp-subnet-c: Creating...[0m[0m
TestEndToEndDeploymentScenario 2024-08-14T05:28:01Z logger.go:66: [0m[1myandex_vpc_subnet.wp-subnet-b: Creation complete after 1s [id=e2lfipcpq74836i14k75][0m
TestEndToEndDeploymentScenario 2024-08-14T05:28:02Z logger.go:66: [0m[1myandex_vpc_subnet.wp-subnet-a: Creation complete after 1s [id=e9bqjo42je9tg2urtem9][0m
TestEndToEndDeploymentScenario 2024-08-14T05:28:02Z logger.go:66: [0m[1myandex_compute_instance.wp-app["wp-app-1"]: Creating...[0m[0m
TestEndToEndDeploymentScenario 2024-08-14T05:28:02Z logger.go:66: [0m[1myandex_compute_instance.wp-app["wp-app-2"]: Creating...[0m[0m
TestEndToEndDeploymentScenario 2024-08-14T05:28:02Z logger.go:66: [0m[1myandex_mdb_mysql_cluster.wp_mysql: Creating...[0m[0m
TestEndToEndDeploymentScenario 2024-08-14T05:28:03Z logger.go:66: [0m[1myandex_vpc_subnet.wp-subnet-c: Creation complete after 2s [id=b0c9e0gfkug88a2sbtn1][0m
TestEndToEndDeploymentScenario 2024-08-14T05:28:12Z logger.go:66: [0m[1myandex_compute_instance.wp-app["wp-app-1"]: Still creating... [10s elapsed][0m[0m
TestEndToEndDeploymentScenario 2024-08-14T05:28:12Z logger.go:66: [0m[1myandex_compute_instance.wp-app["wp-app-2"]: Still creating... [10s elapsed][0m[0m
TestEndToEndDeploymentScenario 2024-08-14T05:28:12Z logger.go:66: [0m[1myandex_mdb_mysql_cluster.wp_mysql: Still creating... [10s elapsed][0m[0m
TestEndToEndDeploymentScenario 2024-08-14T05:28:22Z logger.go:66: [0m[1myandex_compute_instance.wp-app["wp-app-1"]: Still creating... [20s elapsed][0m[0m
TestEndToEndDeploymentScenario 2024-08-14T05:28:22Z logger.go:66: [0m[1myandex_compute_instance.wp-app["wp-app-2"]: Still creating... [20s elapsed][0m[0m
TestEndToEndDeploymentScenario 2024-08-14T05:28:22Z logger.go:66: [0m[1myandex_mdb_mysql_cluster.wp_mysql: Still creating... [20s elapsed][0m[0m
TestEndToEndDeploymentScenario 2024-08-14T05:28:32Z logger.go:66: [0m[1myandex_compute_instance.wp-app["wp-app-2"]: Still creating... [30s elapsed][0m[0m
TestEndToEndDeploymentScenario 2024-08-14T05:28:32Z logger.go:66: [0m[1myandex_compute_instance.wp-app["wp-app-1"]: Still creating... [30s elapsed][0m[0m
TestEndToEndDeploymentScenario 2024-08-14T05:28:32Z logger.go:66: [0m[1myandex_mdb_mysql_cluster.wp_mysql: Still creating... [30s elapsed][0m[0m
TestEndToEndDeploymentScenario 2024-08-14T05:28:42Z logger.go:66: [0m[1myandex_compute_instance.wp-app["wp-app-2"]: Still creating... [40s elapsed][0m[0m
TestEndToEndDeploymentScenario 2024-08-14T05:28:42Z logger.go:66: [0m[1myandex_compute_instance.wp-app["wp-app-1"]: Still creating... [40s elapsed][0m[0m
TestEndToEndDeploymentScenario 2024-08-14T05:28:42Z logger.go:66: [0m[1myandex_mdb_mysql_cluster.wp_mysql: Still creating... [40s elapsed][0m[0m
TestEndToEndDeploymentScenario 2024-08-14T05:28:49Z logger.go:66: [0m[1myandex_compute_instance.wp-app["wp-app-1"]: Creation complete after 47s [id=fhmlgpl4glneteg3uqd1][0m
TestEndToEndDeploymentScenario 2024-08-14T05:28:52Z logger.go:66: [0m[1myandex_compute_instance.wp-app["wp-app-2"]: Still creating... [50s elapsed][0m[0m
TestEndToEndDeploymentScenario 2024-08-14T05:28:52Z logger.go:66: [0m[1myandex_mdb_mysql_cluster.wp_mysql: Still creating... [50s elapsed][0m[0m
TestEndToEndDeploymentScenario 2024-08-14T05:29:02Z logger.go:66: [0m[1myandex_compute_instance.wp-app["wp-app-2"]: Still creating... [1m0s elapsed][0m[0m
TestEndToEndDeploymentScenario 2024-08-14T05:29:02Z logger.go:66: [0m[1myandex_mdb_mysql_cluster.wp_mysql: Still creating... [1m0s elapsed][0m[0m
TestEndToEndDeploymentScenario 2024-08-14T05:29:10Z logger.go:66: [0m[1myandex_compute_instance.wp-app["wp-app-2"]: Creation complete after 1m8s [id=epd1pj6u1q7jmghcmpg7][0m
TestEndToEndDeploymentScenario 2024-08-14T05:29:10Z logger.go:66: [0m[1myandex_lb_target_group.wp_tg: Creating...[0m[0m
TestEndToEndDeploymentScenario 2024-08-14T05:29:12Z logger.go:66: [0m[1myandex_mdb_mysql_cluster.wp_mysql: Still creating... [1m10s elapsed][0m[0m
TestEndToEndDeploymentScenario 2024-08-14T05:29:12Z logger.go:66: [0m[1myandex_lb_target_group.wp_tg: Creation complete after 2s [id=enpq4cs18sk6vtvrul7m][0m
TestEndToEndDeploymentScenario 2024-08-14T05:29:12Z logger.go:66: [0m[1myandex_lb_network_load_balancer.wp_lb: Creating...[0m[0m
TestEndToEndDeploymentScenario 2024-08-14T05:29:15Z logger.go:66: [0m[1myandex_lb_network_load_balancer.wp_lb: Creation complete after 3s [id=enp9iusn250c5smr60i3][0m
TestEndToEndDeploymentScenario 2024-08-14T05:29:22Z logger.go:66: [0m[1myandex_mdb_mysql_cluster.wp_mysql: Still creating... [1m20s elapsed][0m[0m
TestEndToEndDeploymentScenario 2024-08-14T05:29:32Z logger.go:66: [0m[1myandex_mdb_mysql_cluster.wp_mysql: Still creating... [1m30s elapsed][0m[0m
TestEndToEndDeploymentScenario 2024-08-14T05:29:42Z logger.go:66: [0m[1myandex_mdb_mysql_cluster.wp_mysql: Still creating... [1m40s elapsed][0m[0m
TestEndToEndDeploymentScenario 2024-08-14T05:29:52Z logger.go:66: [0m[1myandex_mdb_mysql_cluster.wp_mysql: Still creating... [1m50s elapsed][0m[0m
TestEndToEndDeploymentScenario 2024-08-14T05:30:02Z logger.go:66: [0m[1myandex_mdb_mysql_cluster.wp_mysql: Still creating... [2m0s elapsed][0m[0m
TestEndToEndDeploymentScenario 2024-08-14T05:30:12Z logger.go:66: [0m[1myandex_mdb_mysql_cluster.wp_mysql: Still creating... [2m10s elapsed][0m[0m
TestEndToEndDeploymentScenario 2024-08-14T05:30:22Z logger.go:66: [0m[1myandex_mdb_mysql_cluster.wp_mysql: Still creating... [2m20s elapsed][0m[0m
TestEndToEndDeploymentScenario 2024-08-14T05:30:32Z logger.go:66: [0m[1myandex_mdb_mysql_cluster.wp_mysql: Still creating... [2m30s elapsed][0m[0m
TestEndToEndDeploymentScenario 2024-08-14T05:30:42Z logger.go:66: [0m[1myandex_mdb_mysql_cluster.wp_mysql: Still creating... [2m40s elapsed][0m[0m
TestEndToEndDeploymentScenario 2024-08-14T05:30:52Z logger.go:66: [0m[1myandex_mdb_mysql_cluster.wp_mysql: Still creating... [2m50s elapsed][0m[0m
TestEndToEndDeploymentScenario 2024-08-14T05:31:02Z logger.go:66: [0m[1myandex_mdb_mysql_cluster.wp_mysql: Still creating... [3m0s elapsed][0m[0m
TestEndToEndDeploymentScenario 2024-08-14T05:31:12Z logger.go:66: [0m[1myandex_mdb_mysql_cluster.wp_mysql: Still creating... [3m10s elapsed][0m[0m
TestEndToEndDeploymentScenario 2024-08-14T05:31:22Z logger.go:66: [0m[1myandex_mdb_mysql_cluster.wp_mysql: Still creating... [3m20s elapsed][0m[0m
TestEndToEndDeploymentScenario 2024-08-14T05:31:32Z logger.go:66: [0m[1myandex_mdb_mysql_cluster.wp_mysql: Still creating... [3m30s elapsed][0m[0m
TestEndToEndDeploymentScenario 2024-08-14T05:31:42Z logger.go:66: [0m[1myandex_mdb_mysql_cluster.wp_mysql: Still creating... [3m40s elapsed][0m[0m
TestEndToEndDeploymentScenario 2024-08-14T05:31:52Z logger.go:66: [0m[1myandex_mdb_mysql_cluster.wp_mysql: Still creating... [3m50s elapsed][0m[0m
TestEndToEndDeploymentScenario 2024-08-14T05:32:02Z logger.go:66: [0m[1myandex_mdb_mysql_cluster.wp_mysql: Still creating... [4m0s elapsed][0m[0m
TestEndToEndDeploymentScenario 2024-08-14T05:32:12Z logger.go:66: [0m[1myandex_mdb_mysql_cluster.wp_mysql: Still creating... [4m10s elapsed][0m[0m
TestEndToEndDeploymentScenario 2024-08-14T05:32:22Z logger.go:66: [0m[1myandex_mdb_mysql_cluster.wp_mysql: Still creating... [4m20s elapsed][0m[0m
TestEndToEndDeploymentScenario 2024-08-14T05:32:32Z logger.go:66: [0m[1myandex_mdb_mysql_cluster.wp_mysql: Still creating... [4m30s elapsed][0m[0m
TestEndToEndDeploymentScenario 2024-08-14T05:32:42Z logger.go:66: [0m[1myandex_mdb_mysql_cluster.wp_mysql: Still creating... [4m40s elapsed][0m[0m
TestEndToEndDeploymentScenario 2024-08-14T05:32:52Z logger.go:66: [0m[1myandex_mdb_mysql_cluster.wp_mysql: Still creating... [4m50s elapsed][0m[0m
TestEndToEndDeploymentScenario 2024-08-14T05:33:02Z logger.go:66: [0m[1myandex_mdb_mysql_cluster.wp_mysql: Still creating... [5m0s elapsed][0m[0m
TestEndToEndDeploymentScenario 2024-08-14T05:33:12Z logger.go:66: [0m[1myandex_mdb_mysql_cluster.wp_mysql: Still creating... [5m10s elapsed][0m[0m
TestEndToEndDeploymentScenario 2024-08-14T05:33:22Z logger.go:66: [0m[1myandex_mdb_mysql_cluster.wp_mysql: Still creating... [5m20s elapsed][0m[0m
TestEndToEndDeploymentScenario 2024-08-14T05:33:32Z logger.go:66: [0m[1myandex_mdb_mysql_cluster.wp_mysql: Still creating... [5m30s elapsed][0m[0m
TestEndToEndDeploymentScenario 2024-08-14T05:33:42Z logger.go:66: [0m[1myandex_mdb_mysql_cluster.wp_mysql: Still creating... [5m40s elapsed][0m[0m
TestEndToEndDeploymentScenario 2024-08-14T05:33:52Z logger.go:66: [0m[1myandex_mdb_mysql_cluster.wp_mysql: Still creating... [5m50s elapsed][0m[0m
TestEndToEndDeploymentScenario 2024-08-14T05:34:02Z logger.go:66: [0m[1myandex_mdb_mysql_cluster.wp_mysql: Still creating... [6m0s elapsed][0m[0m
TestEndToEndDeploymentScenario 2024-08-14T05:34:12Z logger.go:66: [0m[1myandex_mdb_mysql_cluster.wp_mysql: Still creating... [6m10s elapsed][0m[0m
TestEndToEndDeploymentScenario 2024-08-14T05:34:22Z logger.go:66: [0m[1myandex_mdb_mysql_cluster.wp_mysql: Still creating... [6m20s elapsed][0m[0m
TestEndToEndDeploymentScenario 2024-08-14T05:34:32Z logger.go:66: [0m[1myandex_mdb_mysql_cluster.wp_mysql: Still creating... [6m30s elapsed][0m[0m
TestEndToEndDeploymentScenario 2024-08-14T05:34:42Z logger.go:66: [0m[1myandex_mdb_mysql_cluster.wp_mysql: Still creating... [6m40s elapsed][0m[0m
TestEndToEndDeploymentScenario 2024-08-14T05:34:52Z logger.go:66: [0m[1myandex_mdb_mysql_cluster.wp_mysql: Still creating... [6m50s elapsed][0m[0m
TestEndToEndDeploymentScenario 2024-08-14T05:35:02Z logger.go:66: [0m[1myandex_mdb_mysql_cluster.wp_mysql: Still creating... [7m0s elapsed][0m[0m
TestEndToEndDeploymentScenario 2024-08-14T05:35:12Z logger.go:66: [0m[1myandex_mdb_mysql_cluster.wp_mysql: Still creating... [7m10s elapsed][0m[0m
TestEndToEndDeploymentScenario 2024-08-14T05:35:22Z logger.go:66: [0m[1myandex_mdb_mysql_cluster.wp_mysql: Still creating... [7m20s elapsed][0m[0m
TestEndToEndDeploymentScenario 2024-08-14T05:35:32Z logger.go:66: [0m[1myandex_mdb_mysql_cluster.wp_mysql: Still creating... [7m30s elapsed][0m[0m
TestEndToEndDeploymentScenario 2024-08-14T05:35:42Z logger.go:66: [0m[1myandex_mdb_mysql_cluster.wp_mysql: Still creating... [7m40s elapsed][0m[0m
TestEndToEndDeploymentScenario 2024-08-14T05:35:52Z logger.go:66: [0m[1myandex_mdb_mysql_cluster.wp_mysql: Still creating... [7m50s elapsed][0m[0m
TestEndToEndDeploymentScenario 2024-08-14T05:36:02Z logger.go:66: [0m[1myandex_mdb_mysql_cluster.wp_mysql: Still creating... [8m0s elapsed][0m[0m
TestEndToEndDeploymentScenario 2024-08-14T05:36:12Z logger.go:66: [0m[1myandex_mdb_mysql_cluster.wp_mysql: Still creating... [8m10s elapsed][0m[0m
TestEndToEndDeploymentScenario 2024-08-14T05:36:22Z logger.go:66: [0m[1myandex_mdb_mysql_cluster.wp_mysql: Still creating... [8m20s elapsed][0m[0m
TestEndToEndDeploymentScenario 2024-08-14T05:36:32Z logger.go:66: [0m[1myandex_mdb_mysql_cluster.wp_mysql: Still creating... [8m30s elapsed][0m[0m
TestEndToEndDeploymentScenario 2024-08-14T05:36:42Z logger.go:66: [0m[1myandex_mdb_mysql_cluster.wp_mysql: Still creating... [8m40s elapsed][0m[0m
TestEndToEndDeploymentScenario 2024-08-14T05:36:52Z logger.go:66: [0m[1myandex_mdb_mysql_cluster.wp_mysql: Still creating... [8m50s elapsed][0m[0m
TestEndToEndDeploymentScenario 2024-08-14T05:37:02Z logger.go:66: [0m[1myandex_mdb_mysql_cluster.wp_mysql: Still creating... [9m0s elapsed][0m[0m
TestEndToEndDeploymentScenario 2024-08-14T05:37:12Z logger.go:66: [0m[1myandex_mdb_mysql_cluster.wp_mysql: Still creating... [9m10s elapsed][0m[0m
TestEndToEndDeploymentScenario 2024-08-14T05:37:22Z logger.go:66: [0m[1myandex_mdb_mysql_cluster.wp_mysql: Still creating... [9m20s elapsed][0m[0m
TestEndToEndDeploymentScenario 2024-08-14T05:37:32Z logger.go:66: [0m[1myandex_mdb_mysql_cluster.wp_mysql: Still creating... [9m30s elapsed][0m[0m
TestEndToEndDeploymentScenario 2024-08-14T05:37:42Z logger.go:66: [0m[1myandex_mdb_mysql_cluster.wp_mysql: Still creating... [9m40s elapsed][0m[0m
TestEndToEndDeploymentScenario 2024-08-14T05:37:52Z logger.go:66: [0m[1myandex_mdb_mysql_cluster.wp_mysql: Still creating... [9m50s elapsed][0m[0m
TestEndToEndDeploymentScenario 2024-08-14T05:38:02Z logger.go:66: [0m[1myandex_mdb_mysql_cluster.wp_mysql: Still creating... [10m0s elapsed][0m[0m
TestEndToEndDeploymentScenario 2024-08-14T05:38:12Z logger.go:66: [0m[1myandex_mdb_mysql_cluster.wp_mysql: Still creating... [10m10s elapsed][0m[0m
TestEndToEndDeploymentScenario 2024-08-14T05:38:22Z logger.go:66: [0m[1myandex_mdb_mysql_cluster.wp_mysql: Still creating... [10m20s elapsed][0m[0m
TestEndToEndDeploymentScenario 2024-08-14T05:38:32Z logger.go:66: [0m[1myandex_mdb_mysql_cluster.wp_mysql: Still creating... [10m30s elapsed][0m[0m
TestEndToEndDeploymentScenario 2024-08-14T05:38:42Z logger.go:66: [0m[1myandex_mdb_mysql_cluster.wp_mysql: Still creating... [10m40s elapsed][0m[0m
TestEndToEndDeploymentScenario 2024-08-14T05:38:52Z logger.go:66: [0m[1myandex_mdb_mysql_cluster.wp_mysql: Still creating... [10m50s elapsed][0m[0m
TestEndToEndDeploymentScenario 2024-08-14T05:39:02Z logger.go:66: [0m[1myandex_mdb_mysql_cluster.wp_mysql: Still creating... [11m0s elapsed][0m[0m
TestEndToEndDeploymentScenario 2024-08-14T05:39:12Z logger.go:66: [0m[1myandex_mdb_mysql_cluster.wp_mysql: Still creating... [11m10s elapsed][0m[0m
TestEndToEndDeploymentScenario 2024-08-14T05:39:22Z logger.go:66: [0m[1myandex_mdb_mysql_cluster.wp_mysql: Still creating... [11m20s elapsed][0m[0m
TestEndToEndDeploymentScenario 2024-08-14T05:39:32Z logger.go:66: [0m[1myandex_mdb_mysql_cluster.wp_mysql: Still creating... [11m30s elapsed][0m[0m
TestEndToEndDeploymentScenario 2024-08-14T05:39:42Z logger.go:66: [0m[1myandex_mdb_mysql_cluster.wp_mysql: Still creating... [11m40s elapsed][0m[0m
TestEndToEndDeploymentScenario 2024-08-14T05:39:52Z logger.go:66: [0m[1myandex_mdb_mysql_cluster.wp_mysql: Still creating... [11m50s elapsed][0m[0m
TestEndToEndDeploymentScenario 2024-08-14T05:40:02Z logger.go:66: [0m[1myandex_mdb_mysql_cluster.wp_mysql: Still creating... [12m0s elapsed][0m[0m
TestEndToEndDeploymentScenario 2024-08-14T05:40:12Z logger.go:66: [0m[1myandex_mdb_mysql_cluster.wp_mysql: Still creating... [12m10s elapsed][0m[0m
TestEndToEndDeploymentScenario 2024-08-14T05:40:22Z logger.go:66: [0m[1myandex_mdb_mysql_cluster.wp_mysql: Still creating... [12m20s elapsed][0m[0m
TestEndToEndDeploymentScenario 2024-08-14T05:40:32Z logger.go:66: [0m[1myandex_mdb_mysql_cluster.wp_mysql: Still creating... [12m30s elapsed][0m[0m
TestEndToEndDeploymentScenario 2024-08-14T05:40:42Z logger.go:66: [0m[1myandex_mdb_mysql_cluster.wp_mysql: Still creating... [12m40s elapsed][0m[0m
TestEndToEndDeploymentScenario 2024-08-14T05:40:52Z logger.go:66: [0m[1myandex_mdb_mysql_cluster.wp_mysql: Still creating... [12m50s elapsed][0m[0m
TestEndToEndDeploymentScenario 2024-08-14T05:41:02Z logger.go:66: [0m[1myandex_mdb_mysql_cluster.wp_mysql: Still creating... [13m0s elapsed][0m[0m
TestEndToEndDeploymentScenario 2024-08-14T05:41:12Z logger.go:66: [0m[1myandex_mdb_mysql_cluster.wp_mysql: Still creating... [13m10s elapsed][0m[0m
TestEndToEndDeploymentScenario 2024-08-14T05:41:22Z logger.go:66: [0m[1myandex_mdb_mysql_cluster.wp_mysql: Still creating... [13m20s elapsed][0m[0m
TestEndToEndDeploymentScenario 2024-08-14T05:41:32Z logger.go:66: [0m[1myandex_mdb_mysql_cluster.wp_mysql: Still creating... [13m30s elapsed][0m[0m
TestEndToEndDeploymentScenario 2024-08-14T05:41:42Z logger.go:66: [0m[1myandex_mdb_mysql_cluster.wp_mysql: Still creating... [13m40s elapsed][0m[0m
TestEndToEndDeploymentScenario 2024-08-14T05:41:52Z logger.go:66: [0m[1myandex_mdb_mysql_cluster.wp_mysql: Still creating... [13m50s elapsed][0m[0m
TestEndToEndDeploymentScenario 2024-08-14T05:42:02Z logger.go:66: [0m[1myandex_mdb_mysql_cluster.wp_mysql: Still creating... [14m0s elapsed][0m[0m
TestEndToEndDeploymentScenario 2024-08-14T05:42:12Z logger.go:66: [0m[1myandex_mdb_mysql_cluster.wp_mysql: Still creating... [14m10s elapsed][0m[0m
TestEndToEndDeploymentScenario 2024-08-14T05:42:22Z logger.go:66: [0m[1myandex_mdb_mysql_cluster.wp_mysql: Still creating... [14m20s elapsed][0m[0m
TestEndToEndDeploymentScenario 2024-08-14T05:42:32Z logger.go:66: [0m[1myandex_mdb_mysql_cluster.wp_mysql: Still creating... [14m30s elapsed][0m[0m
TestEndToEndDeploymentScenario 2024-08-14T05:42:42Z logger.go:66: [0m[1myandex_mdb_mysql_cluster.wp_mysql: Still creating... [14m40s elapsed][0m[0m
TestEndToEndDeploymentScenario 2024-08-14T05:42:52Z logger.go:66: [0m[1myandex_mdb_mysql_cluster.wp_mysql: Still creating... [14m50s elapsed][0m[0m
TestEndToEndDeploymentScenario 2024-08-14T05:43:02Z logger.go:66: [0m[1myandex_mdb_mysql_cluster.wp_mysql: Still creating... [15m0s elapsed][0m[0m
TestEndToEndDeploymentScenario 2024-08-14T05:43:12Z logger.go:66: [0m[1myandex_mdb_mysql_cluster.wp_mysql: Still creating... [15m10s elapsed][0m[0m
TestEndToEndDeploymentScenario 2024-08-14T05:43:22Z logger.go:66: [0m[1myandex_mdb_mysql_cluster.wp_mysql: Still creating... [15m20s elapsed][0m[0m
TestEndToEndDeploymentScenario 2024-08-14T05:43:32Z logger.go:66: [0m[1myandex_mdb_mysql_cluster.wp_mysql: Still creating... [15m30s elapsed][0m[0m
TestEndToEndDeploymentScenario 2024-08-14T05:43:42Z logger.go:66: [0m[1myandex_mdb_mysql_cluster.wp_mysql: Still creating... [15m40s elapsed][0m[0m
TestEndToEndDeploymentScenario 2024-08-14T05:43:52Z logger.go:66: [0m[1myandex_mdb_mysql_cluster.wp_mysql: Still creating... [15m50s elapsed][0m[0m
TestEndToEndDeploymentScenario 2024-08-14T05:44:02Z logger.go:66: [0m[1myandex_mdb_mysql_cluster.wp_mysql: Still creating... [16m0s elapsed][0m[0m
TestEndToEndDeploymentScenario 2024-08-14T05:44:12Z logger.go:66: [0m[1myandex_mdb_mysql_cluster.wp_mysql: Still creating... [16m10s elapsed][0m[0m
TestEndToEndDeploymentScenario 2024-08-14T05:44:22Z logger.go:66: [0m[1myandex_mdb_mysql_cluster.wp_mysql: Still creating... [16m20s elapsed][0m[0m
TestEndToEndDeploymentScenario 2024-08-14T05:44:32Z logger.go:66: [0m[1myandex_mdb_mysql_cluster.wp_mysql: Still creating... [16m30s elapsed][0m[0m
TestEndToEndDeploymentScenario 2024-08-14T05:44:42Z logger.go:66: [0m[1myandex_mdb_mysql_cluster.wp_mysql: Still creating... [16m40s elapsed][0m[0m
TestEndToEndDeploymentScenario 2024-08-14T05:44:51Z logger.go:66: [0m[1myandex_mdb_mysql_cluster.wp_mysql: Creation complete after 16m49s [id=c9qbelvmsum0khfd4hfl][0m
TestEndToEndDeploymentScenario 2024-08-14T05:44:51Z logger.go:66: [33m╷[0m[0m
TestEndToEndDeploymentScenario 2024-08-14T05:44:51Z logger.go:66: [33m│[0m [0m[1m[33mWarning: [0m[0m[1mArgument is deprecated[0m
TestEndToEndDeploymentScenario 2024-08-14T05:44:51Z logger.go:66: [33m│[0m [0m
TestEndToEndDeploymentScenario 2024-08-14T05:44:51Z logger.go:66: [33m│[0m [0m[0m  with yandex_mdb_mysql_cluster.wp_mysql,
TestEndToEndDeploymentScenario 2024-08-14T05:44:51Z logger.go:66: [33m│[0m [0m  on db.tf line 8, in resource "yandex_mdb_mysql_cluster" "wp_mysql":
TestEndToEndDeploymentScenario 2024-08-14T05:44:51Z logger.go:66: [33m│[0m [0m   8: resource "yandex_mdb_mysql_cluster" "wp_mysql" [4m{[0m[0m
TestEndToEndDeploymentScenario 2024-08-14T05:44:51Z logger.go:66: [33m│[0m [0m
TestEndToEndDeploymentScenario 2024-08-14T05:44:51Z logger.go:66: [33m│[0m [0mto manage databases, please switch to using a separate resource type
TestEndToEndDeploymentScenario 2024-08-14T05:44:51Z logger.go:66: [33m│[0m [0myandex_mdb_mysql_database
TestEndToEndDeploymentScenario 2024-08-14T05:44:51Z logger.go:66: [33m│[0m [0m
TestEndToEndDeploymentScenario 2024-08-14T05:44:51Z logger.go:66: [33m│[0m [0m(and 4 more similar warnings elsewhere)
TestEndToEndDeploymentScenario 2024-08-14T05:44:51Z logger.go:66: [33m╵[0m[0m
TestEndToEndDeploymentScenario 2024-08-14T05:44:51Z logger.go:66: [0m[1m[32m
TestEndToEndDeploymentScenario 2024-08-14T05:44:51Z logger.go:66: Apply complete! Resources: 9 added, 0 changed, 0 destroyed.
TestEndToEndDeploymentScenario 2024-08-14T05:44:51Z logger.go:66: [0m[0m[1m[32m
TestEndToEndDeploymentScenario 2024-08-14T05:44:51Z logger.go:66: Outputs:
TestEndToEndDeploymentScenario 2024-08-14T05:44:51Z logger.go:66: 
TestEndToEndDeploymentScenario 2024-08-14T05:44:51Z logger.go:66: [0mdatabase_host_fqdn = toset([
TestEndToEndDeploymentScenario 2024-08-14T05:44:51Z logger.go:66:   "rc1a-rkmahudxoarof0en.mdb.yandexcloud.net",
TestEndToEndDeploymentScenario 2024-08-14T05:44:51Z logger.go:66:   "rc1b-r9axrk7jp6oa0bf3.mdb.yandexcloud.net",
TestEndToEndDeploymentScenario 2024-08-14T05:44:51Z logger.go:66: ])
TestEndToEndDeploymentScenario 2024-08-14T05:44:51Z logger.go:66: db_name = "db"
TestEndToEndDeploymentScenario 2024-08-14T05:44:51Z logger.go:66: db_pass = <sensitive>
TestEndToEndDeploymentScenario 2024-08-14T05:44:51Z logger.go:66: db_user = "user"
TestEndToEndDeploymentScenario 2024-08-14T05:44:51Z logger.go:66: load_balancer_public_ip = "51.250.35.110"
TestEndToEndDeploymentScenario 2024-08-14T05:44:51Z logger.go:66: vm_linux_public_ip_address = toset([
TestEndToEndDeploymentScenario 2024-08-14T05:44:51Z logger.go:66:   "89.169.142.47",
TestEndToEndDeploymentScenario 2024-08-14T05:44:51Z logger.go:66:   "89.169.164.198",
TestEndToEndDeploymentScenario 2024-08-14T05:44:51Z logger.go:66: ])
TestEndToEndDeploymentScenario 2024-08-14T05:44:51Z test_structure.go:29: The 'SKIP_validate' environment variable is not set, so executing stage 'validate'.
Run some tests...
TestEndToEndDeploymentScenario 2024-08-14T05:44:51Z save_test_data.go:228: Loading test data from ../.test-data/TerraformOptions.json
TestEndToEndDeploymentScenario 2024-08-14T05:44:51Z retry.go:91: terraform [output -no-color -json database_host_fqdn]
TestEndToEndDeploymentScenario 2024-08-14T05:44:51Z logger.go:66: Running command terraform with args [output -no-color -json database_host_fqdn]
TestEndToEndDeploymentScenario 2024-08-14T05:44:51Z logger.go:66: ["rc1a-rkmahudxoarof0en.mdb.yandexcloud.net","rc1b-r9axrk7jp6oa0bf3.mdb.yandexcloud.net"]
TestEndToEndDeploymentScenario 2024-08-14T05:44:51Z retry.go:91: terraform [output -no-color -json load_balancer_public_ip]
TestEndToEndDeploymentScenario 2024-08-14T05:44:51Z logger.go:66: Running command terraform with args [output -no-color -json load_balancer_public_ip]
TestEndToEndDeploymentScenario 2024-08-14T05:44:52Z logger.go:66: "51.250.35.110"
TestEndToEndDeploymentScenario 2024-08-14T05:44:52Z retry.go:91: terraform [output -no-color -json vm_linux_public_ip_address]
TestEndToEndDeploymentScenario 2024-08-14T05:44:52Z logger.go:66: Running command terraform with args [output -no-color -json vm_linux_public_ip_address]
TestEndToEndDeploymentScenario 2024-08-14T05:44:52Z logger.go:66: ["89.169.142.47","89.169.164.198"]
TestEndToEndDeploymentScenario 2024-08-14T05:44:53Z retry.go:91: terraform [output -no-color -json db_user]
TestEndToEndDeploymentScenario 2024-08-14T05:44:53Z logger.go:66: Running command terraform with args [output -no-color -json db_user]
TestEndToEndDeploymentScenario 2024-08-14T05:44:53Z logger.go:66: "user"
TestEndToEndDeploymentScenario 2024-08-14T05:44:53Z retry.go:91: terraform [output -no-color -json db_name]
TestEndToEndDeploymentScenario 2024-08-14T05:44:53Z logger.go:66: Running command terraform with args [output -no-color -json db_name]
TestEndToEndDeploymentScenario 2024-08-14T05:44:53Z logger.go:66: "db"
TestEndToEndDeploymentScenario 2024-08-14T05:44:53Z retry.go:91: terraform [output -no-color -json db_pass]
TestEndToEndDeploymentScenario 2024-08-14T05:44:53Z logger.go:66: Running command terraform with args [output -no-color -json db_pass]
TestEndToEndDeploymentScenario 2024-08-14T05:44:54Z logger.go:66: "MyStrongPassword"
8.0.35-27
TestEndToEndDeploymentScenario 2024-08-14T05:44:54Z test_structure.go:29: The 'SKIP_teardown' environment variable is not set, so executing stage 'teardown'.
TestEndToEndDeploymentScenario 2024-08-14T05:44:54Z save_test_data.go:228: Loading test data from ../.test-data/TerraformOptions.json
TestEndToEndDeploymentScenario 2024-08-14T05:44:54Z retry.go:91: terraform [destroy -auto-approve -input=false -var yc_folder=b1g4f2iqmdfgd4k3km4n -lock=false]
TestEndToEndDeploymentScenario 2024-08-14T05:44:54Z logger.go:66: Running command terraform with args [destroy -auto-approve -input=false -var yc_folder=b1g4f2iqmdfgd4k3km4n -lock=false]
TestEndToEndDeploymentScenario 2024-08-14T05:44:55Z logger.go:66: [0m[1myandex_vpc_network.wp-network: Refreshing state... [id=enplp0v0ppmsg1p3pem2][0m
TestEndToEndDeploymentScenario 2024-08-14T05:44:55Z logger.go:66: [0m[1myandex_vpc_subnet.wp-subnet-a: Refreshing state... [id=e9bqjo42je9tg2urtem9][0m
TestEndToEndDeploymentScenario 2024-08-14T05:44:55Z logger.go:66: [0m[1myandex_vpc_subnet.wp-subnet-b: Refreshing state... [id=e2lfipcpq74836i14k75][0m
TestEndToEndDeploymentScenario 2024-08-14T05:44:55Z logger.go:66: [0m[1myandex_vpc_subnet.wp-subnet-c: Refreshing state... [id=b0c9e0gfkug88a2sbtn1][0m
TestEndToEndDeploymentScenario 2024-08-14T05:44:55Z logger.go:66: [0m[1myandex_compute_instance.wp-app["wp-app-1"]: Refreshing state... [id=fhmlgpl4glneteg3uqd1][0m
TestEndToEndDeploymentScenario 2024-08-14T05:44:55Z logger.go:66: [0m[1myandex_compute_instance.wp-app["wp-app-2"]: Refreshing state... [id=epd1pj6u1q7jmghcmpg7][0m
TestEndToEndDeploymentScenario 2024-08-14T05:44:55Z logger.go:66: [0m[1myandex_mdb_mysql_cluster.wp_mysql: Refreshing state... [id=c9qbelvmsum0khfd4hfl][0m
TestEndToEndDeploymentScenario 2024-08-14T05:44:56Z logger.go:66: [0m[1myandex_lb_target_group.wp_tg: Refreshing state... [id=enpq4cs18sk6vtvrul7m][0m
TestEndToEndDeploymentScenario 2024-08-14T05:44:56Z logger.go:66: [0m[1myandex_lb_network_load_balancer.wp_lb: Refreshing state... [id=enp9iusn250c5smr60i3][0m
TestEndToEndDeploymentScenario 2024-08-14T05:44:56Z logger.go:66: 
TestEndToEndDeploymentScenario 2024-08-14T05:44:56Z logger.go:66: Terraform used the selected providers to generate the following execution
TestEndToEndDeploymentScenario 2024-08-14T05:44:56Z logger.go:66: plan. Resource actions are indicated with the following symbols:
TestEndToEndDeploymentScenario 2024-08-14T05:44:56Z logger.go:66:   [31m-[0m destroy[0m
TestEndToEndDeploymentScenario 2024-08-14T05:44:56Z logger.go:66: 
TestEndToEndDeploymentScenario 2024-08-14T05:44:56Z logger.go:66: Terraform will perform the following actions:
TestEndToEndDeploymentScenario 2024-08-14T05:44:56Z logger.go:66: 
TestEndToEndDeploymentScenario 2024-08-14T05:44:56Z logger.go:66: [1m  # yandex_compute_instance.wp-app["wp-app-1"][0m will be [1m[31mdestroyed[0m
TestEndToEndDeploymentScenario 2024-08-14T05:44:56Z logger.go:66: [0m  [31m-[0m[0m resource "yandex_compute_instance" "wp-app" {
TestEndToEndDeploymentScenario 2024-08-14T05:44:56Z logger.go:66:       [31m-[0m[0m created_at                = "2024-08-14T05:28:02Z" [90m-> null[0m[0m
TestEndToEndDeploymentScenario 2024-08-14T05:44:56Z logger.go:66:       [31m-[0m[0m folder_id                 = "b1g4f2iqmdfgd4k3km4n" [90m-> null[0m[0m
TestEndToEndDeploymentScenario 2024-08-14T05:44:56Z logger.go:66:       [31m-[0m[0m fqdn                      = "fhmlgpl4glneteg3uqd1.auto.internal" [90m-> null[0m[0m
TestEndToEndDeploymentScenario 2024-08-14T05:44:56Z logger.go:66:       [31m-[0m[0m id                        = "fhmlgpl4glneteg3uqd1" [90m-> null[0m[0m
TestEndToEndDeploymentScenario 2024-08-14T05:44:56Z logger.go:66:       [31m-[0m[0m labels                    = {} [90m-> null[0m[0m
TestEndToEndDeploymentScenario 2024-08-14T05:44:56Z logger.go:66:       [31m-[0m[0m metadata                  = {
TestEndToEndDeploymentScenario 2024-08-14T05:44:56Z logger.go:66:           [31m-[0m[0m "ssh-keys" = <<-EOT
TestEndToEndDeploymentScenario 2024-08-14T05:44:56Z logger.go:66:                 ubuntu:ssh-ed25519 AAAAC3NzaC1lZDI1NTE5AAAAICwO+QE6ghCsJ+RYQzshFsYOA5OK+kFRgknEfwNPesOn anton@packer
TestEndToEndDeploymentScenario 2024-08-14T05:44:56Z logger.go:66:             EOT
TestEndToEndDeploymentScenario 2024-08-14T05:44:56Z logger.go:66:         } [90m-> null[0m[0m
TestEndToEndDeploymentScenario 2024-08-14T05:44:56Z logger.go:66:       [31m-[0m[0m name                      = "wp-app-1" [90m-> null[0m[0m
TestEndToEndDeploymentScenario 2024-08-14T05:44:56Z logger.go:66:       [31m-[0m[0m network_acceleration_type = "standard" [90m-> null[0m[0m
TestEndToEndDeploymentScenario 2024-08-14T05:44:56Z logger.go:66:       [31m-[0m[0m platform_id               = "standard-v1" [90m-> null[0m[0m
TestEndToEndDeploymentScenario 2024-08-14T05:44:56Z logger.go:66:       [31m-[0m[0m status                    = "running" [90m-> null[0m[0m
TestEndToEndDeploymentScenario 2024-08-14T05:44:56Z logger.go:66:       [31m-[0m[0m zone                      = "ru-central1-a" [90m-> null[0m[0m
TestEndToEndDeploymentScenario 2024-08-14T05:44:56Z logger.go:66:         [90m# (5 unchanged attributes hidden)[0m[0m
TestEndToEndDeploymentScenario 2024-08-14T05:44:56Z logger.go:66: 
TestEndToEndDeploymentScenario 2024-08-14T05:44:56Z logger.go:66:       [31m-[0m[0m boot_disk {
TestEndToEndDeploymentScenario 2024-08-14T05:44:56Z logger.go:66:           [31m-[0m[0m auto_delete = true [90m-> null[0m[0m
TestEndToEndDeploymentScenario 2024-08-14T05:44:56Z logger.go:66:           [31m-[0m[0m device_name = "fhm7ve922smikajn6r5i" [90m-> null[0m[0m
TestEndToEndDeploymentScenario 2024-08-14T05:44:56Z logger.go:66:           [31m-[0m[0m disk_id     = "fhm7ve922smikajn6r5i" [90m-> null[0m[0m
TestEndToEndDeploymentScenario 2024-08-14T05:44:56Z logger.go:66:           [31m-[0m[0m mode        = "READ_WRITE" [90m-> null[0m[0m
TestEndToEndDeploymentScenario 2024-08-14T05:44:56Z logger.go:66: 
TestEndToEndDeploymentScenario 2024-08-14T05:44:56Z logger.go:66:           [31m-[0m[0m initialize_params {
TestEndToEndDeploymentScenario 2024-08-14T05:44:56Z logger.go:66:               [31m-[0m[0m block_size  = 4096 [90m-> null[0m[0m
TestEndToEndDeploymentScenario 2024-08-14T05:44:56Z logger.go:66:               [31m-[0m[0m image_id    = "fd80viupr3qjr5g6g9du" [90m-> null[0m[0m
TestEndToEndDeploymentScenario 2024-08-14T05:44:56Z logger.go:66:                 name        = [90mnull[0m[0m
TestEndToEndDeploymentScenario 2024-08-14T05:44:56Z logger.go:66:               [31m-[0m[0m size        = 3 [90m-> null[0m[0m
TestEndToEndDeploymentScenario 2024-08-14T05:44:56Z logger.go:66:               [31m-[0m[0m type        = "network-hdd" [90m-> null[0m[0m
TestEndToEndDeploymentScenario 2024-08-14T05:44:56Z logger.go:66:                 [90m# (2 unchanged attributes hidden)[0m[0m
TestEndToEndDeploymentScenario 2024-08-14T05:44:56Z logger.go:66:             }
TestEndToEndDeploymentScenario 2024-08-14T05:44:56Z logger.go:66:         }
TestEndToEndDeploymentScenario 2024-08-14T05:44:56Z logger.go:66: 
TestEndToEndDeploymentScenario 2024-08-14T05:44:56Z logger.go:66:       [31m-[0m[0m metadata_options {
TestEndToEndDeploymentScenario 2024-08-14T05:44:56Z logger.go:66:           [31m-[0m[0m aws_v1_http_endpoint = 1 [90m-> null[0m[0m
TestEndToEndDeploymentScenario 2024-08-14T05:44:56Z logger.go:66:           [31m-[0m[0m aws_v1_http_token    = 2 [90m-> null[0m[0m
TestEndToEndDeploymentScenario 2024-08-14T05:44:56Z logger.go:66:           [31m-[0m[0m gce_http_endpoint    = 1 [90m-> null[0m[0m
TestEndToEndDeploymentScenario 2024-08-14T05:44:56Z logger.go:66:           [31m-[0m[0m gce_http_token       = 1 [90m-> null[0m[0m
TestEndToEndDeploymentScenario 2024-08-14T05:44:56Z logger.go:66:         }
TestEndToEndDeploymentScenario 2024-08-14T05:44:56Z logger.go:66: 
TestEndToEndDeploymentScenario 2024-08-14T05:44:56Z logger.go:66:       [31m-[0m[0m network_interface {
TestEndToEndDeploymentScenario 2024-08-14T05:44:56Z logger.go:66:           [31m-[0m[0m index              = 0 [90m-> null[0m[0m
TestEndToEndDeploymentScenario 2024-08-14T05:44:56Z logger.go:66:           [31m-[0m[0m ip_address         = "10.2.0.25" [90m-> null[0m[0m
TestEndToEndDeploymentScenario 2024-08-14T05:44:56Z logger.go:66:           [31m-[0m[0m ipv4               = true [90m-> null[0m[0m
TestEndToEndDeploymentScenario 2024-08-14T05:44:56Z logger.go:66:           [31m-[0m[0m ipv6               = false [90m-> null[0m[0m
TestEndToEndDeploymentScenario 2024-08-14T05:44:56Z logger.go:66:           [31m-[0m[0m mac_address        = "d0:0d:15:86:6a:48" [90m-> null[0m[0m
TestEndToEndDeploymentScenario 2024-08-14T05:44:56Z logger.go:66:           [31m-[0m[0m nat                = true [90m-> null[0m[0m
TestEndToEndDeploymentScenario 2024-08-14T05:44:56Z logger.go:66:           [31m-[0m[0m nat_ip_address     = "89.169.142.47" [90m-> null[0m[0m
TestEndToEndDeploymentScenario 2024-08-14T05:44:56Z logger.go:66:           [31m-[0m[0m nat_ip_version     = "IPV4" [90m-> null[0m[0m
TestEndToEndDeploymentScenario 2024-08-14T05:44:56Z logger.go:66:           [31m-[0m[0m security_group_ids = [] [90m-> null[0m[0m
TestEndToEndDeploymentScenario 2024-08-14T05:44:56Z logger.go:66:           [31m-[0m[0m subnet_id          = "e9bqjo42je9tg2urtem9" [90m-> null[0m[0m
TestEndToEndDeploymentScenario 2024-08-14T05:44:56Z logger.go:66:             [90m# (1 unchanged attribute hidden)[0m[0m
TestEndToEndDeploymentScenario 2024-08-14T05:44:56Z logger.go:66:         }
TestEndToEndDeploymentScenario 2024-08-14T05:44:56Z logger.go:66: 
TestEndToEndDeploymentScenario 2024-08-14T05:44:56Z logger.go:66:       [31m-[0m[0m placement_policy {
TestEndToEndDeploymentScenario 2024-08-14T05:44:56Z logger.go:66:           [31m-[0m[0m host_affinity_rules       = [] [90m-> null[0m[0m
TestEndToEndDeploymentScenario 2024-08-14T05:44:56Z logger.go:66:           [31m-[0m[0m placement_group_partition = 0 [90m-> null[0m[0m
TestEndToEndDeploymentScenario 2024-08-14T05:44:56Z logger.go:66:             [90m# (1 unchanged attribute hidden)[0m[0m
TestEndToEndDeploymentScenario 2024-08-14T05:44:56Z logger.go:66:         }
TestEndToEndDeploymentScenario 2024-08-14T05:44:56Z logger.go:66: 
TestEndToEndDeploymentScenario 2024-08-14T05:44:56Z logger.go:66:       [31m-[0m[0m resources {
TestEndToEndDeploymentScenario 2024-08-14T05:44:56Z logger.go:66:           [31m-[0m[0m core_fraction = 100 [90m-> null[0m[0m
TestEndToEndDeploymentScenario 2024-08-14T05:44:56Z logger.go:66:           [31m-[0m[0m cores         = 2 [90m-> null[0m[0m
TestEndToEndDeploymentScenario 2024-08-14T05:44:56Z logger.go:66:           [31m-[0m[0m gpus          = 0 [90m-> null[0m[0m
TestEndToEndDeploymentScenario 2024-08-14T05:44:56Z logger.go:66:           [31m-[0m[0m memory        = 2 [90m-> null[0m[0m
TestEndToEndDeploymentScenario 2024-08-14T05:44:56Z logger.go:66:         }
TestEndToEndDeploymentScenario 2024-08-14T05:44:56Z logger.go:66: 
TestEndToEndDeploymentScenario 2024-08-14T05:44:56Z logger.go:66:       [31m-[0m[0m scheduling_policy {
TestEndToEndDeploymentScenario 2024-08-14T05:44:56Z logger.go:66:           [31m-[0m[0m preemptible = false [90m-> null[0m[0m
TestEndToEndDeploymentScenario 2024-08-14T05:44:56Z logger.go:66:         }
TestEndToEndDeploymentScenario 2024-08-14T05:44:56Z logger.go:66:     }
TestEndToEndDeploymentScenario 2024-08-14T05:44:56Z logger.go:66: 
TestEndToEndDeploymentScenario 2024-08-14T05:44:56Z logger.go:66: [1m  # yandex_compute_instance.wp-app["wp-app-2"][0m will be [1m[31mdestroyed[0m
TestEndToEndDeploymentScenario 2024-08-14T05:44:56Z logger.go:66: [0m  [31m-[0m[0m resource "yandex_compute_instance" "wp-app" {
TestEndToEndDeploymentScenario 2024-08-14T05:44:56Z logger.go:66:       [31m-[0m[0m created_at                = "2024-08-14T05:28:03Z" [90m-> null[0m[0m
TestEndToEndDeploymentScenario 2024-08-14T05:44:56Z logger.go:66:       [31m-[0m[0m folder_id                 = "b1g4f2iqmdfgd4k3km4n" [90m-> null[0m[0m
TestEndToEndDeploymentScenario 2024-08-14T05:44:56Z logger.go:66:       [31m-[0m[0m fqdn                      = "epd1pj6u1q7jmghcmpg7.auto.internal" [90m-> null[0m[0m
TestEndToEndDeploymentScenario 2024-08-14T05:44:56Z logger.go:66:       [31m-[0m[0m id                        = "epd1pj6u1q7jmghcmpg7" [90m-> null[0m[0m
TestEndToEndDeploymentScenario 2024-08-14T05:44:56Z logger.go:66:       [31m-[0m[0m labels                    = {} [90m-> null[0m[0m
TestEndToEndDeploymentScenario 2024-08-14T05:44:56Z logger.go:66:       [31m-[0m[0m metadata                  = {
TestEndToEndDeploymentScenario 2024-08-14T05:44:56Z logger.go:66:           [31m-[0m[0m "ssh-keys" = <<-EOT
TestEndToEndDeploymentScenario 2024-08-14T05:44:56Z logger.go:66:                 ubuntu:ssh-ed25519 AAAAC3NzaC1lZDI1NTE5AAAAICwO+QE6ghCsJ+RYQzshFsYOA5OK+kFRgknEfwNPesOn anton@packer
TestEndToEndDeploymentScenario 2024-08-14T05:44:56Z logger.go:66:             EOT
TestEndToEndDeploymentScenario 2024-08-14T05:44:56Z logger.go:66:         } [90m-> null[0m[0m
TestEndToEndDeploymentScenario 2024-08-14T05:44:56Z logger.go:66:       [31m-[0m[0m name                      = "wp-app-2" [90m-> null[0m[0m
TestEndToEndDeploymentScenario 2024-08-14T05:44:56Z logger.go:66:       [31m-[0m[0m network_acceleration_type = "standard" [90m-> null[0m[0m
TestEndToEndDeploymentScenario 2024-08-14T05:44:56Z logger.go:66:       [31m-[0m[0m platform_id               = "standard-v1" [90m-> null[0m[0m
TestEndToEndDeploymentScenario 2024-08-14T05:44:56Z logger.go:66:       [31m-[0m[0m status                    = "running" [90m-> null[0m[0m
TestEndToEndDeploymentScenario 2024-08-14T05:44:56Z logger.go:66:       [31m-[0m[0m zone                      = "ru-central1-b" [90m-> null[0m[0m
TestEndToEndDeploymentScenario 2024-08-14T05:44:56Z logger.go:66:         [90m# (5 unchanged attributes hidden)[0m[0m
TestEndToEndDeploymentScenario 2024-08-14T05:44:56Z logger.go:66: 
TestEndToEndDeploymentScenario 2024-08-14T05:44:56Z logger.go:66:       [31m-[0m[0m boot_disk {
TestEndToEndDeploymentScenario 2024-08-14T05:44:56Z logger.go:66:           [31m-[0m[0m auto_delete = true [90m-> null[0m[0m
TestEndToEndDeploymentScenario 2024-08-14T05:44:56Z logger.go:66:           [31m-[0m[0m device_name = "epd9i2fqdo5bih50r9j0" [90m-> null[0m[0m
TestEndToEndDeploymentScenario 2024-08-14T05:44:56Z logger.go:66:           [31m-[0m[0m disk_id     = "epd9i2fqdo5bih50r9j0" [90m-> null[0m[0m
TestEndToEndDeploymentScenario 2024-08-14T05:44:56Z logger.go:66:           [31m-[0m[0m mode        = "READ_WRITE" [90m-> null[0m[0m
TestEndToEndDeploymentScenario 2024-08-14T05:44:56Z logger.go:66: 
TestEndToEndDeploymentScenario 2024-08-14T05:44:56Z logger.go:66:           [31m-[0m[0m initialize_params {
TestEndToEndDeploymentScenario 2024-08-14T05:44:56Z logger.go:66:               [31m-[0m[0m block_size  = 4096 [90m-> null[0m[0m
TestEndToEndDeploymentScenario 2024-08-14T05:44:56Z logger.go:66:               [31m-[0m[0m image_id    = "fd80viupr3qjr5g6g9du" [90m-> null[0m[0m
TestEndToEndDeploymentScenario 2024-08-14T05:44:56Z logger.go:66:                 name        = [90mnull[0m[0m
TestEndToEndDeploymentScenario 2024-08-14T05:44:56Z logger.go:66:               [31m-[0m[0m size        = 3 [90m-> null[0m[0m
TestEndToEndDeploymentScenario 2024-08-14T05:44:56Z logger.go:66:               [31m-[0m[0m type        = "network-hdd" [90m-> null[0m[0m
TestEndToEndDeploymentScenario 2024-08-14T05:44:56Z logger.go:66:                 [90m# (2 unchanged attributes hidden)[0m[0m
TestEndToEndDeploymentScenario 2024-08-14T05:44:56Z logger.go:66:             }
TestEndToEndDeploymentScenario 2024-08-14T05:44:56Z logger.go:66:         }
TestEndToEndDeploymentScenario 2024-08-14T05:44:56Z logger.go:66: 
TestEndToEndDeploymentScenario 2024-08-14T05:44:56Z logger.go:66:       [31m-[0m[0m metadata_options {
TestEndToEndDeploymentScenario 2024-08-14T05:44:56Z logger.go:66:           [31m-[0m[0m aws_v1_http_endpoint = 1 [90m-> null[0m[0m
TestEndToEndDeploymentScenario 2024-08-14T05:44:56Z logger.go:66:           [31m-[0m[0m aws_v1_http_token    = 2 [90m-> null[0m[0m
TestEndToEndDeploymentScenario 2024-08-14T05:44:56Z logger.go:66:           [31m-[0m[0m gce_http_endpoint    = 1 [90m-> null[0m[0m
TestEndToEndDeploymentScenario 2024-08-14T05:44:56Z logger.go:66:           [31m-[0m[0m gce_http_token       = 1 [90m-> null[0m[0m
TestEndToEndDeploymentScenario 2024-08-14T05:44:56Z logger.go:66:         }
TestEndToEndDeploymentScenario 2024-08-14T05:44:56Z logger.go:66: 
TestEndToEndDeploymentScenario 2024-08-14T05:44:56Z logger.go:66:       [31m-[0m[0m network_interface {
TestEndToEndDeploymentScenario 2024-08-14T05:44:56Z logger.go:66:           [31m-[0m[0m index              = 0 [90m-> null[0m[0m
TestEndToEndDeploymentScenario 2024-08-14T05:44:56Z logger.go:66:           [31m-[0m[0m ip_address         = "10.3.0.7" [90m-> null[0m[0m
TestEndToEndDeploymentScenario 2024-08-14T05:44:56Z logger.go:66:           [31m-[0m[0m ipv4               = true [90m-> null[0m[0m
TestEndToEndDeploymentScenario 2024-08-14T05:44:56Z logger.go:66:           [31m-[0m[0m ipv6               = false [90m-> null[0m[0m
TestEndToEndDeploymentScenario 2024-08-14T05:44:56Z logger.go:66:           [31m-[0m[0m mac_address        = "d0:0d:1c:cc:de:0e" [90m-> null[0m[0m
TestEndToEndDeploymentScenario 2024-08-14T05:44:56Z logger.go:66:           [31m-[0m[0m nat                = true [90m-> null[0m[0m
TestEndToEndDeploymentScenario 2024-08-14T05:44:56Z logger.go:66:           [31m-[0m[0m nat_ip_address     = "89.169.164.198" [90m-> null[0m[0m
TestEndToEndDeploymentScenario 2024-08-14T05:44:56Z logger.go:66:           [31m-[0m[0m nat_ip_version     = "IPV4" [90m-> null[0m[0m
TestEndToEndDeploymentScenario 2024-08-14T05:44:56Z logger.go:66:           [31m-[0m[0m security_group_ids = [] [90m-> null[0m[0m
TestEndToEndDeploymentScenario 2024-08-14T05:44:56Z logger.go:66:           [31m-[0m[0m subnet_id          = "e2lfipcpq74836i14k75" [90m-> null[0m[0m
TestEndToEndDeploymentScenario 2024-08-14T05:44:56Z logger.go:66:             [90m# (1 unchanged attribute hidden)[0m[0m
TestEndToEndDeploymentScenario 2024-08-14T05:44:56Z logger.go:66:         }
TestEndToEndDeploymentScenario 2024-08-14T05:44:56Z logger.go:66: 
TestEndToEndDeploymentScenario 2024-08-14T05:44:56Z logger.go:66:       [31m-[0m[0m placement_policy {
TestEndToEndDeploymentScenario 2024-08-14T05:44:56Z logger.go:66:           [31m-[0m[0m host_affinity_rules       = [] [90m-> null[0m[0m
TestEndToEndDeploymentScenario 2024-08-14T05:44:56Z logger.go:66:           [31m-[0m[0m placement_group_partition = 0 [90m-> null[0m[0m
TestEndToEndDeploymentScenario 2024-08-14T05:44:56Z logger.go:66:             [90m# (1 unchanged attribute hidden)[0m[0m
TestEndToEndDeploymentScenario 2024-08-14T05:44:56Z logger.go:66:         }
TestEndToEndDeploymentScenario 2024-08-14T05:44:56Z logger.go:66: 
TestEndToEndDeploymentScenario 2024-08-14T05:44:56Z logger.go:66:       [31m-[0m[0m resources {
TestEndToEndDeploymentScenario 2024-08-14T05:44:56Z logger.go:66:           [31m-[0m[0m core_fraction = 100 [90m-> null[0m[0m
TestEndToEndDeploymentScenario 2024-08-14T05:44:56Z logger.go:66:           [31m-[0m[0m cores         = 2 [90m-> null[0m[0m
TestEndToEndDeploymentScenario 2024-08-14T05:44:56Z logger.go:66:           [31m-[0m[0m gpus          = 0 [90m-> null[0m[0m
TestEndToEndDeploymentScenario 2024-08-14T05:44:56Z logger.go:66:           [31m-[0m[0m memory        = 2 [90m-> null[0m[0m
TestEndToEndDeploymentScenario 2024-08-14T05:44:56Z logger.go:66:         }
TestEndToEndDeploymentScenario 2024-08-14T05:44:56Z logger.go:66: 
TestEndToEndDeploymentScenario 2024-08-14T05:44:56Z logger.go:66:       [31m-[0m[0m scheduling_policy {
TestEndToEndDeploymentScenario 2024-08-14T05:44:56Z logger.go:66:           [31m-[0m[0m preemptible = false [90m-> null[0m[0m
TestEndToEndDeploymentScenario 2024-08-14T05:44:56Z logger.go:66:         }
TestEndToEndDeploymentScenario 2024-08-14T05:44:56Z logger.go:66:     }
TestEndToEndDeploymentScenario 2024-08-14T05:44:56Z logger.go:66: 
TestEndToEndDeploymentScenario 2024-08-14T05:44:56Z logger.go:66: [1m  # yandex_lb_network_load_balancer.wp_lb[0m will be [1m[31mdestroyed[0m
TestEndToEndDeploymentScenario 2024-08-14T05:44:56Z logger.go:66: [0m  [31m-[0m[0m resource "yandex_lb_network_load_balancer" "wp_lb" {
TestEndToEndDeploymentScenario 2024-08-14T05:44:56Z logger.go:66:       [31m-[0m[0m created_at          = "2024-08-14T05:29:12Z" [90m-> null[0m[0m
TestEndToEndDeploymentScenario 2024-08-14T05:44:56Z logger.go:66:       [31m-[0m[0m deletion_protection = false [90m-> null[0m[0m
TestEndToEndDeploymentScenario 2024-08-14T05:44:56Z logger.go:66:       [31m-[0m[0m folder_id           = "b1g4f2iqmdfgd4k3km4n" [90m-> null[0m[0m
TestEndToEndDeploymentScenario 2024-08-14T05:44:56Z logger.go:66:       [31m-[0m[0m id                  = "enp9iusn250c5smr60i3" [90m-> null[0m[0m
TestEndToEndDeploymentScenario 2024-08-14T05:44:56Z logger.go:66:       [31m-[0m[0m labels              = {} [90m-> null[0m[0m
TestEndToEndDeploymentScenario 2024-08-14T05:44:56Z logger.go:66:       [31m-[0m[0m name                = "wp-network-load-balancer" [90m-> null[0m[0m
TestEndToEndDeploymentScenario 2024-08-14T05:44:56Z logger.go:66:       [31m-[0m[0m region_id           = "ru-central1" [90m-> null[0m[0m
TestEndToEndDeploymentScenario 2024-08-14T05:44:56Z logger.go:66:       [31m-[0m[0m type                = "external" [90m-> null[0m[0m
TestEndToEndDeploymentScenario 2024-08-14T05:44:56Z logger.go:66:         [90m# (1 unchanged attribute hidden)[0m[0m
TestEndToEndDeploymentScenario 2024-08-14T05:44:56Z logger.go:66: 
TestEndToEndDeploymentScenario 2024-08-14T05:44:56Z logger.go:66:       [31m-[0m[0m attached_target_group {
TestEndToEndDeploymentScenario 2024-08-14T05:44:56Z logger.go:66:           [31m-[0m[0m target_group_id = "enpq4cs18sk6vtvrul7m" [90m-> null[0m[0m
TestEndToEndDeploymentScenario 2024-08-14T05:44:56Z logger.go:66: 
TestEndToEndDeploymentScenario 2024-08-14T05:44:56Z logger.go:66:           [31m-[0m[0m healthcheck {
TestEndToEndDeploymentScenario 2024-08-14T05:44:56Z logger.go:66:               [31m-[0m[0m healthy_threshold   = 2 [90m-> null[0m[0m
TestEndToEndDeploymentScenario 2024-08-14T05:44:56Z logger.go:66:               [31m-[0m[0m interval            = 2 [90m-> null[0m[0m
TestEndToEndDeploymentScenario 2024-08-14T05:44:56Z logger.go:66:               [31m-[0m[0m name                = "http" [90m-> null[0m[0m
TestEndToEndDeploymentScenario 2024-08-14T05:44:56Z logger.go:66:               [31m-[0m[0m timeout             = 1 [90m-> null[0m[0m
TestEndToEndDeploymentScenario 2024-08-14T05:44:56Z logger.go:66:               [31m-[0m[0m unhealthy_threshold = 2 [90m-> null[0m[0m
TestEndToEndDeploymentScenario 2024-08-14T05:44:56Z logger.go:66: 
TestEndToEndDeploymentScenario 2024-08-14T05:44:56Z logger.go:66:               [31m-[0m[0m http_options {
TestEndToEndDeploymentScenario 2024-08-14T05:44:56Z logger.go:66:                   [31m-[0m[0m path = "/health" [90m-> null[0m[0m
TestEndToEndDeploymentScenario 2024-08-14T05:44:56Z logger.go:66:                   [31m-[0m[0m port = 80 [90m-> null[0m[0m
TestEndToEndDeploymentScenario 2024-08-14T05:44:56Z logger.go:66:                 }
TestEndToEndDeploymentScenario 2024-08-14T05:44:56Z logger.go:66:             }
TestEndToEndDeploymentScenario 2024-08-14T05:44:56Z logger.go:66:         }
TestEndToEndDeploymentScenario 2024-08-14T05:44:56Z logger.go:66: 
TestEndToEndDeploymentScenario 2024-08-14T05:44:56Z logger.go:66:       [31m-[0m[0m listener {
TestEndToEndDeploymentScenario 2024-08-14T05:44:56Z logger.go:66:           [31m-[0m[0m name        = "wp-listener" [90m-> null[0m[0m
TestEndToEndDeploymentScenario 2024-08-14T05:44:56Z logger.go:66:           [31m-[0m[0m port        = 80 [90m-> null[0m[0m
TestEndToEndDeploymentScenario 2024-08-14T05:44:56Z logger.go:66:           [31m-[0m[0m protocol    = "tcp" [90m-> null[0m[0m
TestEndToEndDeploymentScenario 2024-08-14T05:44:56Z logger.go:66:           [31m-[0m[0m target_port = 80 [90m-> null[0m[0m
TestEndToEndDeploymentScenario 2024-08-14T05:44:56Z logger.go:66: 
TestEndToEndDeploymentScenario 2024-08-14T05:44:56Z logger.go:66:           [31m-[0m[0m external_address_spec {
TestEndToEndDeploymentScenario 2024-08-14T05:44:56Z logger.go:66:               [31m-[0m[0m address    = "51.250.35.110" [90m-> null[0m[0m
TestEndToEndDeploymentScenario 2024-08-14T05:44:56Z logger.go:66:               [31m-[0m[0m ip_version = "ipv4" [90m-> null[0m[0m
TestEndToEndDeploymentScenario 2024-08-14T05:44:56Z logger.go:66:             }
TestEndToEndDeploymentScenario 2024-08-14T05:44:56Z logger.go:66:         }
TestEndToEndDeploymentScenario 2024-08-14T05:44:56Z logger.go:66:     }
TestEndToEndDeploymentScenario 2024-08-14T05:44:56Z logger.go:66: 
TestEndToEndDeploymentScenario 2024-08-14T05:44:56Z logger.go:66: [1m  # yandex_lb_target_group.wp_tg[0m will be [1m[31mdestroyed[0m
TestEndToEndDeploymentScenario 2024-08-14T05:44:56Z logger.go:66: [0m  [31m-[0m[0m resource "yandex_lb_target_group" "wp_tg" {
TestEndToEndDeploymentScenario 2024-08-14T05:44:56Z logger.go:66:       [31m-[0m[0m created_at  = "2024-08-14T05:29:11Z" [90m-> null[0m[0m
TestEndToEndDeploymentScenario 2024-08-14T05:44:56Z logger.go:66:       [31m-[0m[0m folder_id   = "b1g4f2iqmdfgd4k3km4n" [90m-> null[0m[0m
TestEndToEndDeploymentScenario 2024-08-14T05:44:56Z logger.go:66:       [31m-[0m[0m id          = "enpq4cs18sk6vtvrul7m" [90m-> null[0m[0m
TestEndToEndDeploymentScenario 2024-08-14T05:44:56Z logger.go:66:       [31m-[0m[0m labels      = {} [90m-> null[0m[0m
TestEndToEndDeploymentScenario 2024-08-14T05:44:56Z logger.go:66:       [31m-[0m[0m name        = "wp-target-group" [90m-> null[0m[0m
TestEndToEndDeploymentScenario 2024-08-14T05:44:56Z logger.go:66:       [31m-[0m[0m region_id   = "ru-central1" [90m-> null[0m[0m
TestEndToEndDeploymentScenario 2024-08-14T05:44:56Z logger.go:66:         [90m# (1 unchanged attribute hidden)[0m[0m
TestEndToEndDeploymentScenario 2024-08-14T05:44:56Z logger.go:66: 
TestEndToEndDeploymentScenario 2024-08-14T05:44:56Z logger.go:66:       [31m-[0m[0m target {
TestEndToEndDeploymentScenario 2024-08-14T05:44:56Z logger.go:66:           [31m-[0m[0m address   = "10.2.0.25" [90m-> null[0m[0m
TestEndToEndDeploymentScenario 2024-08-14T05:44:56Z logger.go:66:           [31m-[0m[0m subnet_id = "e9bqjo42je9tg2urtem9" [90m-> null[0m[0m
TestEndToEndDeploymentScenario 2024-08-14T05:44:56Z logger.go:66:         }
TestEndToEndDeploymentScenario 2024-08-14T05:44:56Z logger.go:66:       [31m-[0m[0m target {
TestEndToEndDeploymentScenario 2024-08-14T05:44:56Z logger.go:66:           [31m-[0m[0m address   = "10.3.0.7" [90m-> null[0m[0m
TestEndToEndDeploymentScenario 2024-08-14T05:44:56Z logger.go:66:           [31m-[0m[0m subnet_id = "e2lfipcpq74836i14k75" [90m-> null[0m[0m
TestEndToEndDeploymentScenario 2024-08-14T05:44:56Z logger.go:66:         }
TestEndToEndDeploymentScenario 2024-08-14T05:44:56Z logger.go:66:     }
TestEndToEndDeploymentScenario 2024-08-14T05:44:56Z logger.go:66: 
TestEndToEndDeploymentScenario 2024-08-14T05:44:56Z logger.go:66: [1m  # yandex_mdb_mysql_cluster.wp_mysql[0m will be [1m[31mdestroyed[0m
TestEndToEndDeploymentScenario 2024-08-14T05:44:56Z logger.go:66: [0m  [31m-[0m[0m resource "yandex_mdb_mysql_cluster" "wp_mysql" {
TestEndToEndDeploymentScenario 2024-08-14T05:44:56Z logger.go:66:       [31m-[0m[0m allow_regeneration_host   = false [90m-> null[0m[0m
TestEndToEndDeploymentScenario 2024-08-14T05:44:56Z logger.go:66:       [31m-[0m[0m backup_retain_period_days = 7 [90m-> null[0m[0m
TestEndToEndDeploymentScenario 2024-08-14T05:44:56Z logger.go:66:       [31m-[0m[0m created_at                = "2024-08-14T05:28:02Z" [90m-> null[0m[0m
TestEndToEndDeploymentScenario 2024-08-14T05:44:56Z logger.go:66:       [31m-[0m[0m deletion_protection       = false [90m-> null[0m[0m
TestEndToEndDeploymentScenario 2024-08-14T05:44:56Z logger.go:66:       [31m-[0m[0m environment               = "PRODUCTION" [90m-> null[0m[0m
TestEndToEndDeploymentScenario 2024-08-14T05:44:56Z logger.go:66:       [31m-[0m[0m folder_id                 = "b1g4f2iqmdfgd4k3km4n" [90m-> null[0m[0m
TestEndToEndDeploymentScenario 2024-08-14T05:44:56Z logger.go:66:       [31m-[0m[0m health                    = "HEALTH_UNKNOWN" [90m-> null[0m[0m
TestEndToEndDeploymentScenario 2024-08-14T05:44:56Z logger.go:66:       [31m-[0m[0m host_group_ids            = [] [90m-> null[0m[0m
TestEndToEndDeploymentScenario 2024-08-14T05:44:56Z logger.go:66:       [31m-[0m[0m id                        = "c9qbelvmsum0khfd4hfl" [90m-> null[0m[0m
TestEndToEndDeploymentScenario 2024-08-14T05:44:56Z logger.go:66:       [31m-[0m[0m labels                    = {} [90m-> null[0m[0m
TestEndToEndDeploymentScenario 2024-08-14T05:44:56Z logger.go:66:       [31m-[0m[0m mysql_config              = {
TestEndToEndDeploymentScenario 2024-08-14T05:44:56Z logger.go:66:           [31m-[0m[0m "binlog_transaction_dependency_tracking" = "0"
TestEndToEndDeploymentScenario 2024-08-14T05:44:56Z logger.go:66:           [31m-[0m[0m "log_slow_rate_type"                     = "0"
TestEndToEndDeploymentScenario 2024-08-14T05:44:56Z logger.go:66:           [31m-[0m[0m "sql_mode"                               = "ONLY_FULL_GROUP_BY,STRICT_TRANS_TABLES,NO_ZERO_IN_DATE,NO_ZERO_DATE,ERROR_FOR_DIVISION_BY_ZERO,NO_ENGINE_SUBSTITUTION"
TestEndToEndDeploymentScenario 2024-08-14T05:44:56Z logger.go:66:         } [90m-> null[0m[0m
TestEndToEndDeploymentScenario 2024-08-14T05:44:56Z logger.go:66:       [31m-[0m[0m name                      = "wp-mysql" [90m-> null[0m[0m
TestEndToEndDeploymentScenario 2024-08-14T05:44:56Z logger.go:66:       [31m-[0m[0m network_id                = "enplp0v0ppmsg1p3pem2" [90m-> null[0m[0m
TestEndToEndDeploymentScenario 2024-08-14T05:44:56Z logger.go:66:       [31m-[0m[0m security_group_ids        = [] [90m-> null[0m[0m
TestEndToEndDeploymentScenario 2024-08-14T05:44:56Z logger.go:66:       [31m-[0m[0m status                    = "RUNNING" [90m-> null[0m[0m
TestEndToEndDeploymentScenario 2024-08-14T05:44:56Z logger.go:66:       [31m-[0m[0m version                   = "8.0" [90m-> null[0m[0m
TestEndToEndDeploymentScenario 2024-08-14T05:44:56Z logger.go:66:         [90m# (1 unchanged attribute hidden)[0m[0m
TestEndToEndDeploymentScenario 2024-08-14T05:44:56Z logger.go:66: 
TestEndToEndDeploymentScenario 2024-08-14T05:44:56Z logger.go:66:       [31m-[0m[0m access {
TestEndToEndDeploymentScenario 2024-08-14T05:44:56Z logger.go:66:           [31m-[0m[0m data_lens     = false [90m-> null[0m[0m
TestEndToEndDeploymentScenario 2024-08-14T05:44:56Z logger.go:66:           [31m-[0m[0m data_transfer = false [90m-> null[0m[0m
TestEndToEndDeploymentScenario 2024-08-14T05:44:56Z logger.go:66:           [31m-[0m[0m web_sql       = false [90m-> null[0m[0m
TestEndToEndDeploymentScenario 2024-08-14T05:44:56Z logger.go:66:         }
TestEndToEndDeploymentScenario 2024-08-14T05:44:56Z logger.go:66: 
TestEndToEndDeploymentScenario 2024-08-14T05:44:56Z logger.go:66:       [31m-[0m[0m backup_window_start {
TestEndToEndDeploymentScenario 2024-08-14T05:44:56Z logger.go:66:           [31m-[0m[0m hours   = 0 [90m-> null[0m[0m
TestEndToEndDeploymentScenario 2024-08-14T05:44:56Z logger.go:66:           [31m-[0m[0m minutes = 0 [90m-> null[0m[0m
TestEndToEndDeploymentScenario 2024-08-14T05:44:56Z logger.go:66:         }
TestEndToEndDeploymentScenario 2024-08-14T05:44:56Z logger.go:66: 
TestEndToEndDeploymentScenario 2024-08-14T05:44:56Z logger.go:66:       [31m-[0m[0m database {
TestEndToEndDeploymentScenario 2024-08-14T05:44:56Z logger.go:66:           [31m-[0m[0m name = "db" [90m-> null[0m[0m
TestEndToEndDeploymentScenario 2024-08-14T05:44:56Z logger.go:66:         }
TestEndToEndDeploymentScenario 2024-08-14T05:44:56Z logger.go:66: 
TestEndToEndDeploymentScenario 2024-08-14T05:44:56Z logger.go:66:       [31m-[0m[0m host {
TestEndToEndDeploymentScenario 2024-08-14T05:44:56Z logger.go:66:           [31m-[0m[0m assign_public_ip        = true [90m-> null[0m[0m
TestEndToEndDeploymentScenario 2024-08-14T05:44:56Z logger.go:66:           [31m-[0m[0m backup_priority         = 0 [90m-> null[0m[0m
TestEndToEndDeploymentScenario 2024-08-14T05:44:56Z logger.go:66:           [31m-[0m[0m fqdn                    = "rc1b-r9axrk7jp6oa0bf3.mdb.yandexcloud.net" [90m-> null[0m[0m
TestEndToEndDeploymentScenario 2024-08-14T05:44:56Z logger.go:66:             name                    = [90mnull[0m[0m
TestEndToEndDeploymentScenario 2024-08-14T05:44:56Z logger.go:66:           [31m-[0m[0m priority                = 0 [90m-> null[0m[0m
TestEndToEndDeploymentScenario 2024-08-14T05:44:56Z logger.go:66:           [31m-[0m[0m subnet_id               = "e2lfipcpq74836i14k75" [90m-> null[0m[0m
TestEndToEndDeploymentScenario 2024-08-14T05:44:56Z logger.go:66:           [31m-[0m[0m zone                    = "ru-central1-b" [90m-> null[0m[0m
TestEndToEndDeploymentScenario 2024-08-14T05:44:56Z logger.go:66:             [90m# (2 unchanged attributes hidden)[0m[0m
TestEndToEndDeploymentScenario 2024-08-14T05:44:56Z logger.go:66:         }
TestEndToEndDeploymentScenario 2024-08-14T05:44:56Z logger.go:66:       [31m-[0m[0m host {
TestEndToEndDeploymentScenario 2024-08-14T05:44:56Z logger.go:66:           [31m-[0m[0m assign_public_ip        = true [90m-> null[0m[0m
TestEndToEndDeploymentScenario 2024-08-14T05:44:56Z logger.go:66:           [31m-[0m[0m backup_priority         = 0 [90m-> null[0m[0m
TestEndToEndDeploymentScenario 2024-08-14T05:44:56Z logger.go:66:           [31m-[0m[0m fqdn                    = "rc1a-rkmahudxoarof0en.mdb.yandexcloud.net" [90m-> null[0m[0m
TestEndToEndDeploymentScenario 2024-08-14T05:44:56Z logger.go:66:             name                    = [90mnull[0m[0m
TestEndToEndDeploymentScenario 2024-08-14T05:44:56Z logger.go:66:           [31m-[0m[0m priority                = 0 [90m-> null[0m[0m
TestEndToEndDeploymentScenario 2024-08-14T05:44:56Z logger.go:66:           [31m-[0m[0m subnet_id               = "e9bqjo42je9tg2urtem9" [90m-> null[0m[0m
TestEndToEndDeploymentScenario 2024-08-14T05:44:56Z logger.go:66:           [31m-[0m[0m zone                    = "ru-central1-a" [90m-> null[0m[0m
TestEndToEndDeploymentScenario 2024-08-14T05:44:56Z logger.go:66:             [90m# (2 unchanged attributes hidden)[0m[0m
TestEndToEndDeploymentScenario 2024-08-14T05:44:56Z logger.go:66:         }
TestEndToEndDeploymentScenario 2024-08-14T05:44:56Z logger.go:66: 
TestEndToEndDeploymentScenario 2024-08-14T05:44:56Z logger.go:66:       [31m-[0m[0m maintenance_window {
TestEndToEndDeploymentScenario 2024-08-14T05:44:56Z logger.go:66:           [31m-[0m[0m hour = 0 [90m-> null[0m[0m
TestEndToEndDeploymentScenario 2024-08-14T05:44:56Z logger.go:66:           [31m-[0m[0m type = "ANYTIME" [90m-> null[0m[0m
TestEndToEndDeploymentScenario 2024-08-14T05:44:56Z logger.go:66:             [90m# (1 unchanged attribute hidden)[0m[0m
TestEndToEndDeploymentScenario 2024-08-14T05:44:56Z logger.go:66:         }
TestEndToEndDeploymentScenario 2024-08-14T05:44:56Z logger.go:66: 
TestEndToEndDeploymentScenario 2024-08-14T05:44:56Z logger.go:66:       [31m-[0m[0m performance_diagnostics {
TestEndToEndDeploymentScenario 2024-08-14T05:44:56Z logger.go:66:           [31m-[0m[0m enabled                      = false [90m-> null[0m[0m
TestEndToEndDeploymentScenario 2024-08-14T05:44:56Z logger.go:66:           [31m-[0m[0m sessions_sampling_interval   = 60 [90m-> null[0m[0m
TestEndToEndDeploymentScenario 2024-08-14T05:44:56Z logger.go:66:           [31m-[0m[0m statements_sampling_interval = 600 [90m-> null[0m[0m
TestEndToEndDeploymentScenario 2024-08-14T05:44:56Z logger.go:66:         }
TestEndToEndDeploymentScenario 2024-08-14T05:44:56Z logger.go:66: 
TestEndToEndDeploymentScenario 2024-08-14T05:44:56Z logger.go:66:       [31m-[0m[0m resources {
TestEndToEndDeploymentScenario 2024-08-14T05:44:56Z logger.go:66:           [31m-[0m[0m disk_size          = 16 [90m-> null[0m[0m
TestEndToEndDeploymentScenario 2024-08-14T05:44:56Z logger.go:66:           [31m-[0m[0m disk_type_id       = "network-ssd" [90m-> null[0m[0m
TestEndToEndDeploymentScenario 2024-08-14T05:44:56Z logger.go:66:           [31m-[0m[0m resource_preset_id = "s2.micro" [90m-> null[0m[0m
TestEndToEndDeploymentScenario 2024-08-14T05:44:56Z logger.go:66:         }
TestEndToEndDeploymentScenario 2024-08-14T05:44:56Z logger.go:66: 
TestEndToEndDeploymentScenario 2024-08-14T05:44:56Z logger.go:66:       [31m-[0m[0m user {
TestEndToEndDeploymentScenario 2024-08-14T05:44:56Z logger.go:66:           [31m-[0m[0m authentication_plugin = "MYSQL_NATIVE_PASSWORD" [90m-> null[0m[0m
TestEndToEndDeploymentScenario 2024-08-14T05:44:56Z logger.go:66:           [31m-[0m[0m global_permissions    = [] [90m-> null[0m[0m
TestEndToEndDeploymentScenario 2024-08-14T05:44:56Z logger.go:66:           [31m-[0m[0m name                  = "user" [90m-> null[0m[0m
TestEndToEndDeploymentScenario 2024-08-14T05:44:56Z logger.go:66:           [31m-[0m[0m password              = (sensitive value) [90m-> null[0m[0m
TestEndToEndDeploymentScenario 2024-08-14T05:44:56Z logger.go:66: 
TestEndToEndDeploymentScenario 2024-08-14T05:44:56Z logger.go:66:           [31m-[0m[0m permission {
TestEndToEndDeploymentScenario 2024-08-14T05:44:56Z logger.go:66:               [31m-[0m[0m database_name = "db" [90m-> null[0m[0m
TestEndToEndDeploymentScenario 2024-08-14T05:44:56Z logger.go:66:               [31m-[0m[0m roles         = [
TestEndToEndDeploymentScenario 2024-08-14T05:44:56Z logger.go:66:                   [31m-[0m[0m "ALL",
TestEndToEndDeploymentScenario 2024-08-14T05:44:56Z logger.go:66:                 ] [90m-> null[0m[0m
TestEndToEndDeploymentScenario 2024-08-14T05:44:56Z logger.go:66:             }
TestEndToEndDeploymentScenario 2024-08-14T05:44:56Z logger.go:66:         }
TestEndToEndDeploymentScenario 2024-08-14T05:44:56Z logger.go:66:     }
TestEndToEndDeploymentScenario 2024-08-14T05:44:56Z logger.go:66: 
TestEndToEndDeploymentScenario 2024-08-14T05:44:56Z logger.go:66: [1m  # yandex_vpc_network.wp-network[0m will be [1m[31mdestroyed[0m
TestEndToEndDeploymentScenario 2024-08-14T05:44:56Z logger.go:66: [0m  [31m-[0m[0m resource "yandex_vpc_network" "wp-network" {
TestEndToEndDeploymentScenario 2024-08-14T05:44:56Z logger.go:66:       [31m-[0m[0m created_at                = "2024-08-14T05:27:59Z" [90m-> null[0m[0m
TestEndToEndDeploymentScenario 2024-08-14T05:44:56Z logger.go:66:       [31m-[0m[0m default_security_group_id = "enp9m6s6n197d757h0i5" [90m-> null[0m[0m
TestEndToEndDeploymentScenario 2024-08-14T05:44:56Z logger.go:66:       [31m-[0m[0m folder_id                 = "b1g4f2iqmdfgd4k3km4n" [90m-> null[0m[0m
TestEndToEndDeploymentScenario 2024-08-14T05:44:56Z logger.go:66:       [31m-[0m[0m id                        = "enplp0v0ppmsg1p3pem2" [90m-> null[0m[0m
TestEndToEndDeploymentScenario 2024-08-14T05:44:56Z logger.go:66:       [31m-[0m[0m labels                    = {} [90m-> null[0m[0m
TestEndToEndDeploymentScenario 2024-08-14T05:44:56Z logger.go:66:       [31m-[0m[0m name                      = "wp-network" [90m-> null[0m[0m
TestEndToEndDeploymentScenario 2024-08-14T05:44:56Z logger.go:66:       [31m-[0m[0m subnet_ids                = [
TestEndToEndDeploymentScenario 2024-08-14T05:44:56Z logger.go:66:           [31m-[0m[0m "b0c9e0gfkug88a2sbtn1",
TestEndToEndDeploymentScenario 2024-08-14T05:44:56Z logger.go:66:           [31m-[0m[0m "e2lfipcpq74836i14k75",
TestEndToEndDeploymentScenario 2024-08-14T05:44:56Z logger.go:66:           [31m-[0m[0m "e9bqjo42je9tg2urtem9",
TestEndToEndDeploymentScenario 2024-08-14T05:44:56Z logger.go:66:         ] [90m-> null[0m[0m
TestEndToEndDeploymentScenario 2024-08-14T05:44:56Z logger.go:66:         [90m# (1 unchanged attribute hidden)[0m[0m
TestEndToEndDeploymentScenario 2024-08-14T05:44:56Z logger.go:66:     }
TestEndToEndDeploymentScenario 2024-08-14T05:44:56Z logger.go:66: 
TestEndToEndDeploymentScenario 2024-08-14T05:44:56Z logger.go:66: [1m  # yandex_vpc_subnet.wp-subnet-a[0m will be [1m[31mdestroyed[0m
TestEndToEndDeploymentScenario 2024-08-14T05:44:56Z logger.go:66: [0m  [31m-[0m[0m resource "yandex_vpc_subnet" "wp-subnet-a" {
TestEndToEndDeploymentScenario 2024-08-14T05:44:56Z logger.go:66:       [31m-[0m[0m created_at     = "2024-08-14T05:28:02Z" [90m-> null[0m[0m
TestEndToEndDeploymentScenario 2024-08-14T05:44:56Z logger.go:66:       [31m-[0m[0m folder_id      = "b1g4f2iqmdfgd4k3km4n" [90m-> null[0m[0m
TestEndToEndDeploymentScenario 2024-08-14T05:44:56Z logger.go:66:       [31m-[0m[0m id             = "e9bqjo42je9tg2urtem9" [90m-> null[0m[0m
TestEndToEndDeploymentScenario 2024-08-14T05:44:56Z logger.go:66:       [31m-[0m[0m labels         = {} [90m-> null[0m[0m
TestEndToEndDeploymentScenario 2024-08-14T05:44:56Z logger.go:66:       [31m-[0m[0m name           = "wp-subnet-a" [90m-> null[0m[0m
TestEndToEndDeploymentScenario 2024-08-14T05:44:56Z logger.go:66:       [31m-[0m[0m network_id     = "enplp0v0ppmsg1p3pem2" [90m-> null[0m[0m
TestEndToEndDeploymentScenario 2024-08-14T05:44:56Z logger.go:66:       [31m-[0m[0m v4_cidr_blocks = [
TestEndToEndDeploymentScenario 2024-08-14T05:44:56Z logger.go:66:           [31m-[0m[0m "10.2.0.0/16",
TestEndToEndDeploymentScenario 2024-08-14T05:44:56Z logger.go:66:         ] [90m-> null[0m[0m
TestEndToEndDeploymentScenario 2024-08-14T05:44:56Z logger.go:66:       [31m-[0m[0m v6_cidr_blocks = [] [90m-> null[0m[0m
TestEndToEndDeploymentScenario 2024-08-14T05:44:56Z logger.go:66:       [31m-[0m[0m zone           = "ru-central1-a" [90m-> null[0m[0m
TestEndToEndDeploymentScenario 2024-08-14T05:44:56Z logger.go:66:         [90m# (2 unchanged attributes hidden)[0m[0m
TestEndToEndDeploymentScenario 2024-08-14T05:44:56Z logger.go:66:     }
TestEndToEndDeploymentScenario 2024-08-14T05:44:56Z logger.go:66: 
TestEndToEndDeploymentScenario 2024-08-14T05:44:56Z logger.go:66: [1m  # yandex_vpc_subnet.wp-subnet-b[0m will be [1m[31mdestroyed[0m
TestEndToEndDeploymentScenario 2024-08-14T05:44:56Z logger.go:66: [0m  [31m-[0m[0m resource "yandex_vpc_subnet" "wp-subnet-b" {
TestEndToEndDeploymentScenario 2024-08-14T05:44:56Z logger.go:66:       [31m-[0m[0m created_at     = "2024-08-14T05:28:01Z" [90m-> null[0m[0m
TestEndToEndDeploymentScenario 2024-08-14T05:44:56Z logger.go:66:       [31m-[0m[0m folder_id      = "b1g4f2iqmdfgd4k3km4n" [90m-> null[0m[0m
TestEndToEndDeploymentScenario 2024-08-14T05:44:56Z logger.go:66:       [31m-[0m[0m id             = "e2lfipcpq74836i14k75" [90m-> null[0m[0m
TestEndToEndDeploymentScenario 2024-08-14T05:44:56Z logger.go:66:       [31m-[0m[0m labels         = {} [90m-> null[0m[0m
TestEndToEndDeploymentScenario 2024-08-14T05:44:56Z logger.go:66:       [31m-[0m[0m name           = "wp-subnet-b" [90m-> null[0m[0m
TestEndToEndDeploymentScenario 2024-08-14T05:44:56Z logger.go:66:       [31m-[0m[0m network_id     = "enplp0v0ppmsg1p3pem2" [90m-> null[0m[0m
TestEndToEndDeploymentScenario 2024-08-14T05:44:56Z logger.go:66:       [31m-[0m[0m v4_cidr_blocks = [
TestEndToEndDeploymentScenario 2024-08-14T05:44:56Z logger.go:66:           [31m-[0m[0m "10.3.0.0/16",
TestEndToEndDeploymentScenario 2024-08-14T05:44:56Z logger.go:66:         ] [90m-> null[0m[0m
TestEndToEndDeploymentScenario 2024-08-14T05:44:56Z logger.go:66:       [31m-[0m[0m v6_cidr_blocks = [] [90m-> null[0m[0m
TestEndToEndDeploymentScenario 2024-08-14T05:44:56Z logger.go:66:       [31m-[0m[0m zone           = "ru-central1-b" [90m-> null[0m[0m
TestEndToEndDeploymentScenario 2024-08-14T05:44:56Z logger.go:66:         [90m# (2 unchanged attributes hidden)[0m[0m
TestEndToEndDeploymentScenario 2024-08-14T05:44:56Z logger.go:66:     }
TestEndToEndDeploymentScenario 2024-08-14T05:44:56Z logger.go:66: 
TestEndToEndDeploymentScenario 2024-08-14T05:44:56Z logger.go:66: [1m  # yandex_vpc_subnet.wp-subnet-c[0m will be [1m[31mdestroyed[0m
TestEndToEndDeploymentScenario 2024-08-14T05:44:56Z logger.go:66: [0m  [31m-[0m[0m resource "yandex_vpc_subnet" "wp-subnet-c" {
TestEndToEndDeploymentScenario 2024-08-14T05:44:56Z logger.go:66:       [31m-[0m[0m created_at     = "2024-08-14T05:28:02Z" [90m-> null[0m[0m
TestEndToEndDeploymentScenario 2024-08-14T05:44:56Z logger.go:66:       [31m-[0m[0m folder_id      = "b1g4f2iqmdfgd4k3km4n" [90m-> null[0m[0m
TestEndToEndDeploymentScenario 2024-08-14T05:44:56Z logger.go:66:       [31m-[0m[0m id             = "b0c9e0gfkug88a2sbtn1" [90m-> null[0m[0m
TestEndToEndDeploymentScenario 2024-08-14T05:44:56Z logger.go:66:       [31m-[0m[0m labels         = {} [90m-> null[0m[0m
TestEndToEndDeploymentScenario 2024-08-14T05:44:56Z logger.go:66:       [31m-[0m[0m name           = "wp-subnet-c" [90m-> null[0m[0m
TestEndToEndDeploymentScenario 2024-08-14T05:44:56Z logger.go:66:       [31m-[0m[0m network_id     = "enplp0v0ppmsg1p3pem2" [90m-> null[0m[0m
TestEndToEndDeploymentScenario 2024-08-14T05:44:56Z logger.go:66:       [31m-[0m[0m v4_cidr_blocks = [
TestEndToEndDeploymentScenario 2024-08-14T05:44:56Z logger.go:66:           [31m-[0m[0m "10.4.0.0/16",
TestEndToEndDeploymentScenario 2024-08-14T05:44:56Z logger.go:66:         ] [90m-> null[0m[0m
TestEndToEndDeploymentScenario 2024-08-14T05:44:56Z logger.go:66:       [31m-[0m[0m v6_cidr_blocks = [] [90m-> null[0m[0m
TestEndToEndDeploymentScenario 2024-08-14T05:44:56Z logger.go:66:       [31m-[0m[0m zone           = "ru-central1-c" [90m-> null[0m[0m
TestEndToEndDeploymentScenario 2024-08-14T05:44:56Z logger.go:66:         [90m# (2 unchanged attributes hidden)[0m[0m
TestEndToEndDeploymentScenario 2024-08-14T05:44:56Z logger.go:66:     }
TestEndToEndDeploymentScenario 2024-08-14T05:44:56Z logger.go:66: 
TestEndToEndDeploymentScenario 2024-08-14T05:44:56Z logger.go:66: [1mPlan:[0m 0 to add, 0 to change, 9 to destroy.
TestEndToEndDeploymentScenario 2024-08-14T05:44:56Z logger.go:66: [0m
TestEndToEndDeploymentScenario 2024-08-14T05:44:56Z logger.go:66: Changes to Outputs:
TestEndToEndDeploymentScenario 2024-08-14T05:44:56Z logger.go:66:   [31m-[0m[0m database_host_fqdn         = [
TestEndToEndDeploymentScenario 2024-08-14T05:44:56Z logger.go:66:       [31m-[0m[0m "rc1a-rkmahudxoarof0en.mdb.yandexcloud.net",
TestEndToEndDeploymentScenario 2024-08-14T05:44:56Z logger.go:66:       [31m-[0m[0m "rc1b-r9axrk7jp6oa0bf3.mdb.yandexcloud.net",
TestEndToEndDeploymentScenario 2024-08-14T05:44:56Z logger.go:66:     ] [90m-> null[0m[0m
TestEndToEndDeploymentScenario 2024-08-14T05:44:56Z logger.go:66:   [31m-[0m[0m db_name                    = "db" [90m-> null[0m[0m
TestEndToEndDeploymentScenario 2024-08-14T05:44:56Z logger.go:66:   [31m-[0m[0m db_pass                    = (sensitive value) [90m-> null[0m[0m
TestEndToEndDeploymentScenario 2024-08-14T05:44:56Z logger.go:66:   [31m-[0m[0m db_user                    = "user" [90m-> null[0m[0m
TestEndToEndDeploymentScenario 2024-08-14T05:44:56Z logger.go:66:   [31m-[0m[0m load_balancer_public_ip    = "51.250.35.110" [90m-> null[0m[0m
TestEndToEndDeploymentScenario 2024-08-14T05:44:56Z logger.go:66:   [31m-[0m[0m vm_linux_public_ip_address = [
TestEndToEndDeploymentScenario 2024-08-14T05:44:56Z logger.go:66:       [31m-[0m[0m "89.169.142.47",
TestEndToEndDeploymentScenario 2024-08-14T05:44:56Z logger.go:66:       [31m-[0m[0m "89.169.164.198",
TestEndToEndDeploymentScenario 2024-08-14T05:44:56Z logger.go:66:     ] [90m-> null[0m[0m
TestEndToEndDeploymentScenario 2024-08-14T05:44:56Z logger.go:66: [0m[1myandex_lb_network_load_balancer.wp_lb: Destroying... [id=enp9iusn250c5smr60i3][0m[0m
TestEndToEndDeploymentScenario 2024-08-14T05:44:56Z logger.go:66: [0m[1myandex_vpc_subnet.wp-subnet-c: Destroying... [id=b0c9e0gfkug88a2sbtn1][0m[0m
TestEndToEndDeploymentScenario 2024-08-14T05:44:56Z logger.go:66: [0m[1myandex_mdb_mysql_cluster.wp_mysql: Destroying... [id=c9qbelvmsum0khfd4hfl][0m[0m
TestEndToEndDeploymentScenario 2024-08-14T05:44:57Z logger.go:66: [0m[1myandex_vpc_subnet.wp-subnet-c: Destruction complete after 1s[0m
TestEndToEndDeploymentScenario 2024-08-14T05:45:00Z logger.go:66: [0m[1myandex_lb_network_load_balancer.wp_lb: Destruction complete after 4s[0m
TestEndToEndDeploymentScenario 2024-08-14T05:45:00Z logger.go:66: [0m[1myandex_lb_target_group.wp_tg: Destroying... [id=enpq4cs18sk6vtvrul7m][0m[0m
TestEndToEndDeploymentScenario 2024-08-14T05:45:02Z logger.go:66: [0m[1myandex_lb_target_group.wp_tg: Destruction complete after 2s[0m
TestEndToEndDeploymentScenario 2024-08-14T05:45:02Z logger.go:66: [0m[1myandex_compute_instance.wp-app["wp-app-2"]: Destroying... [id=epd1pj6u1q7jmghcmpg7][0m[0m
TestEndToEndDeploymentScenario 2024-08-14T05:45:02Z logger.go:66: [0m[1myandex_compute_instance.wp-app["wp-app-1"]: Destroying... [id=fhmlgpl4glneteg3uqd1][0m[0m
TestEndToEndDeploymentScenario 2024-08-14T05:45:06Z logger.go:66: [0m[1myandex_mdb_mysql_cluster.wp_mysql: Still destroying... [id=c9qbelvmsum0khfd4hfl, 10s elapsed][0m[0m
TestEndToEndDeploymentScenario 2024-08-14T05:45:12Z logger.go:66: [0m[1myandex_compute_instance.wp-app["wp-app-1"]: Still destroying... [id=fhmlgpl4glneteg3uqd1, 10s elapsed][0m[0m
TestEndToEndDeploymentScenario 2024-08-14T05:45:12Z logger.go:66: [0m[1myandex_compute_instance.wp-app["wp-app-2"]: Still destroying... [id=epd1pj6u1q7jmghcmpg7, 10s elapsed][0m[0m
TestEndToEndDeploymentScenario 2024-08-14T05:45:16Z logger.go:66: [0m[1myandex_mdb_mysql_cluster.wp_mysql: Still destroying... [id=c9qbelvmsum0khfd4hfl, 20s elapsed][0m[0m
TestEndToEndDeploymentScenario 2024-08-14T05:45:22Z logger.go:66: [0m[1myandex_compute_instance.wp-app["wp-app-2"]: Still destroying... [id=epd1pj6u1q7jmghcmpg7, 20s elapsed][0m[0m
TestEndToEndDeploymentScenario 2024-08-14T05:45:22Z logger.go:66: [0m[1myandex_compute_instance.wp-app["wp-app-1"]: Still destroying... [id=fhmlgpl4glneteg3uqd1, 20s elapsed][0m[0m
TestEndToEndDeploymentScenario 2024-08-14T05:45:26Z logger.go:66: [0m[1myandex_mdb_mysql_cluster.wp_mysql: Still destroying... [id=c9qbelvmsum0khfd4hfl, 30s elapsed][0m[0m
TestEndToEndDeploymentScenario 2024-08-14T05:45:32Z logger.go:66: [0m[1myandex_compute_instance.wp-app["wp-app-1"]: Still destroying... [id=fhmlgpl4glneteg3uqd1, 30s elapsed][0m[0m
TestEndToEndDeploymentScenario 2024-08-14T05:45:32Z logger.go:66: [0m[1myandex_compute_instance.wp-app["wp-app-2"]: Still destroying... [id=epd1pj6u1q7jmghcmpg7, 30s elapsed][0m[0m
TestEndToEndDeploymentScenario 2024-08-14T05:45:36Z logger.go:66: [0m[1myandex_mdb_mysql_cluster.wp_mysql: Still destroying... [id=c9qbelvmsum0khfd4hfl, 40s elapsed][0m[0m
TestEndToEndDeploymentScenario 2024-08-14T05:45:39Z logger.go:66: [0m[1myandex_compute_instance.wp-app["wp-app-2"]: Destruction complete after 37s[0m
TestEndToEndDeploymentScenario 2024-08-14T05:45:42Z logger.go:66: [0m[1myandex_compute_instance.wp-app["wp-app-1"]: Still destroying... [id=fhmlgpl4glneteg3uqd1, 40s elapsed][0m[0m
TestEndToEndDeploymentScenario 2024-08-14T05:45:43Z logger.go:66: [0m[1myandex_compute_instance.wp-app["wp-app-1"]: Destruction complete after 40s[0m
TestEndToEndDeploymentScenario 2024-08-14T05:45:46Z logger.go:66: [0m[1myandex_mdb_mysql_cluster.wp_mysql: Still destroying... [id=c9qbelvmsum0khfd4hfl, 50s elapsed][0m[0m
TestEndToEndDeploymentScenario 2024-08-14T05:45:56Z logger.go:66: [0m[1myandex_mdb_mysql_cluster.wp_mysql: Still destroying... [id=c9qbelvmsum0khfd4hfl, 1m0s elapsed][0m[0m
TestEndToEndDeploymentScenario 2024-08-14T05:46:06Z logger.go:66: [0m[1myandex_mdb_mysql_cluster.wp_mysql: Still destroying... [id=c9qbelvmsum0khfd4hfl, 1m10s elapsed][0m[0m
TestEndToEndDeploymentScenario 2024-08-14T05:46:16Z logger.go:66: [0m[1myandex_mdb_mysql_cluster.wp_mysql: Still destroying... [id=c9qbelvmsum0khfd4hfl, 1m20s elapsed][0m[0m
TestEndToEndDeploymentScenario 2024-08-14T05:46:26Z logger.go:66: [0m[1myandex_mdb_mysql_cluster.wp_mysql: Still destroying... [id=c9qbelvmsum0khfd4hfl, 1m30s elapsed][0m[0m
TestEndToEndDeploymentScenario 2024-08-14T05:46:36Z logger.go:66: [0m[1myandex_mdb_mysql_cluster.wp_mysql: Still destroying... [id=c9qbelvmsum0khfd4hfl, 1m40s elapsed][0m[0m
TestEndToEndDeploymentScenario 2024-08-14T05:46:45Z logger.go:66: [0m[1myandex_mdb_mysql_cluster.wp_mysql: Destruction complete after 1m49s[0m
TestEndToEndDeploymentScenario 2024-08-14T05:46:45Z logger.go:66: [0m[1myandex_vpc_subnet.wp-subnet-b: Destroying... [id=e2lfipcpq74836i14k75][0m[0m
TestEndToEndDeploymentScenario 2024-08-14T05:46:45Z logger.go:66: [0m[1myandex_vpc_subnet.wp-subnet-a: Destroying... [id=e9bqjo42je9tg2urtem9][0m[0m
TestEndToEndDeploymentScenario 2024-08-14T05:46:48Z logger.go:66: [0m[1myandex_vpc_subnet.wp-subnet-b: Destruction complete after 2s[0m
TestEndToEndDeploymentScenario 2024-08-14T05:46:49Z logger.go:66: [0m[1myandex_vpc_subnet.wp-subnet-a: Destruction complete after 3s[0m
TestEndToEndDeploymentScenario 2024-08-14T05:46:49Z logger.go:66: [0m[1myandex_vpc_network.wp-network: Destroying... [id=enplp0v0ppmsg1p3pem2][0m[0m
TestEndToEndDeploymentScenario 2024-08-14T05:46:49Z logger.go:66: [0m[1myandex_vpc_network.wp-network: Destruction complete after 1s[0m
TestEndToEndDeploymentScenario 2024-08-14T05:46:49Z logger.go:66: [33m╷[0m[0m
TestEndToEndDeploymentScenario 2024-08-14T05:46:49Z logger.go:66: [33m│[0m [0m[1m[33mWarning: [0m[0m[1mArgument is deprecated[0m
TestEndToEndDeploymentScenario 2024-08-14T05:46:49Z logger.go:66: [33m│[0m [0m
TestEndToEndDeploymentScenario 2024-08-14T05:46:49Z logger.go:66: [33m│[0m [0m[0m  with yandex_mdb_mysql_cluster.wp_mysql,
TestEndToEndDeploymentScenario 2024-08-14T05:46:49Z logger.go:66: [33m│[0m [0m  on db.tf line 8, in resource "yandex_mdb_mysql_cluster" "wp_mysql":
TestEndToEndDeploymentScenario 2024-08-14T05:46:49Z logger.go:66: [33m│[0m [0m   8: resource "yandex_mdb_mysql_cluster" "wp_mysql" [4m{[0m[0m
TestEndToEndDeploymentScenario 2024-08-14T05:46:49Z logger.go:66: [33m│[0m [0m
TestEndToEndDeploymentScenario 2024-08-14T05:46:49Z logger.go:66: [33m│[0m [0mto manage databases, please switch to using a separate resource type
TestEndToEndDeploymentScenario 2024-08-14T05:46:49Z logger.go:66: [33m│[0m [0myandex_mdb_mysql_database
TestEndToEndDeploymentScenario 2024-08-14T05:46:49Z logger.go:66: [33m╵[0m[0m
TestEndToEndDeploymentScenario 2024-08-14T05:46:49Z logger.go:66: [0m[1m[32m
TestEndToEndDeploymentScenario 2024-08-14T05:46:49Z logger.go:66: Destroy complete! Resources: 9 destroyed.
TestEndToEndDeploymentScenario 2024-08-14T05:46:49Z logger.go:66: [0m
--- PASS: TestEndToEndDeploymentScenario (1132.62s)
PASS
ok  	test	1132.694s
